PODS:
  - Hero (1.6.1)
  - SFBaseKit (2.1.3)

DEPENDENCIES:
  - Hero
  - SFBaseKit (~> 2.1.0)

SPEC REPOS:
  trunk:
    - Hero
    - SFBaseKit

SPEC CHECKSUMS:
  Hero: 215865ba3ae41dd9bb08cd6c60a645529c6fc94b
  SFBaseKit: c505e7208a3f594bdc411a054d6e2c59ed9b1dcf

PODFILE CHECKSUM: 71c606ee2f0d4c596f9e8a3f92a792fcf749cabc

COCOAPODS: 1.11.3
