// !$*UTF8*$!
{
	archiveVersion = 1;
	classes = {
	};
	objectVersion = 55;
	objects = {

/* Begin PBXBuildFile section */
		D5136E992859E4D600765AC1 /* AudioTrackWrapper.swift in Sources */ = {isa = PBXBuildFile; fileRef = D5136E982859E4D600765AC1 /* AudioTrackWrapper.swift */; };
		D5136E9B2859F6E100765AC1 /* EpisodeWrapper.swift in Sources */ = {isa = PBXBuildFile; fileRef = D5136E9A2859F6E100765AC1 /* EpisodeWrapper.swift */; };
		D5136E9D2859F8F700765AC1 /* ShowWrapper.swift in Sources */ = {isa = PBXBuildFile; fileRef = D5136E9C2859F8F700765AC1 /* ShowWrapper.swift */; };
		D5136E9F2859FC6300765AC1 /* FeaturedPlaylistsResponse.swift in Sources */ = {isa = PBXBuildFile; fileRef = D5136E9E2859FC6300765AC1 /* FeaturedPlaylistsResponse.swift */; };
		D5136EA1285A017300765AC1 /* AudioTracksWrapper.swift in Sources */ = {isa = PBXBuildFile; fileRef = D5136EA0285A017300765AC1 /* AudioTracksWrapper.swift */; };
		D5136EA3285A0FB300765AC1 /* CreatePlaylistRequest.swift in Sources */ = {isa = PBXBuildFile; fileRef = D5136EA2285A0FB300765AC1 /* CreatePlaylistRequest.swift */; };
		D51D782B2858A1B700EED4F9 /* AudioTrackDeleteRequest.swift in Sources */ = {isa = PBXBuildFile; fileRef = D51D782A2858A1B700EED4F9 /* AudioTrackDeleteRequest.swift */; };
		D51D78372858BB1400EED4F9 /* ImageResponse.swift in Sources */ = {isa = PBXBuildFile; fileRef = D51D78362858BB1400EED4F9 /* ImageResponse.swift */; };
		D51D78392858C38500EED4F9 /* ItemsResponse.swift in Sources */ = {isa = PBXBuildFile; fileRef = D51D78382858C38500EED4F9 /* ItemsResponse.swift */; };
		D51D783C2858C46500EED4F9 /* AudioTrack.swift in Sources */ = {isa = PBXBuildFile; fileRef = D51D783B2858C46500EED4F9 /* AudioTrack.swift */; };
		D51D783E2858C48E00EED4F9 /* Album.swift in Sources */ = {isa = PBXBuildFile; fileRef = D51D783D2858C48E00EED4F9 /* Album.swift */; };
		D51D78402858C4AD00EED4F9 /* Playlist.swift in Sources */ = {isa = PBXBuildFile; fileRef = D51D783F2858C4AD00EED4F9 /* Playlist.swift */; };
		D51D78422858C4BB00EED4F9 /* Episode.swift in Sources */ = {isa = PBXBuildFile; fileRef = D51D78412858C4BB00EED4F9 /* Episode.swift */; };
		D51D78442858C4CD00EED4F9 /* Show.swift in Sources */ = {isa = PBXBuildFile; fileRef = D51D78432858C4CD00EED4F9 /* Show.swift */; };
		D51D78462858C4DA00EED4F9 /* Artist.swift in Sources */ = {isa = PBXBuildFile; fileRef = D51D78452858C4DA00EED4F9 /* Artist.swift */; };
		D51D78492858C89900EED4F9 /* AlbumImagesWrapper.swift in Sources */ = {isa = PBXBuildFile; fileRef = D51D78482858C89900EED4F9 /* AlbumImagesWrapper.swift */; };
		D5C92D092857300700EFA9FB /* WebRepository.swift in Sources */ = {isa = PBXBuildFile; fileRef = D5C92D082857300700EFA9FB /* WebRepository.swift */; };
		D5C92D0B2857303300EFA9FB /* UserProfile.swift in Sources */ = {isa = PBXBuildFile; fileRef = D5C92D0A2857303300EFA9FB /* UserProfile.swift */; };
		D5EF5A05285223950079F91B /* AppDelegate.swift in Sources */ = {isa = PBXBuildFile; fileRef = D5EF5A04285223950079F91B /* AppDelegate.swift */; };
		D5EF5A07285223960079F91B /* SceneDelegate.swift in Sources */ = {isa = PBXBuildFile; fileRef = D5EF5A06285223960079F91B /* SceneDelegate.swift */; };
		D5EF5A09285223960079F91B /* TabBarViewController.swift in Sources */ = {isa = PBXBuildFile; fileRef = D5EF5A08285223960079F91B /* TabBarViewController.swift */; };
		D5EF5A0E285223980079F91B /* Assets.xcassets in Resources */ = {isa = PBXBuildFile; fileRef = D5EF5A0D285223980079F91B /* Assets.xcassets */; };
		D5EF5A11285223980079F91B /* LaunchScreen.storyboard in Resources */ = {isa = PBXBuildFile; fileRef = D5EF5A0F285223980079F91B /* LaunchScreen.storyboard */; };
		D5EF5A2E28522BCC0079F91B /* MusicViewController.swift in Sources */ = {isa = PBXBuildFile; fileRef = D5EF5A2D28522BCC0079F91B /* MusicViewController.swift */; };
		D5EF5A3028522BDA0079F91B /* ShowsViewController.swift in Sources */ = {isa = PBXBuildFile; fileRef = D5EF5A2F28522BDA0079F91B /* ShowsViewController.swift */; };
		D5EF5A3228522BE40079F91B /* PlaylistViewController.swift in Sources */ = {isa = PBXBuildFile; fileRef = D5EF5A3128522BE40079F91B /* PlaylistViewController.swift */; };
		D5EF5A3B285230350079F91B /* WelcomeViewController.swift in Sources */ = {isa = PBXBuildFile; fileRef = D5EF5A39285230350079F91B /* WelcomeViewController.swift */; };
		D5EF5A3C285230350079F91B /* WelcomeViewController.xib in Resources */ = {isa = PBXBuildFile; fileRef = D5EF5A3A285230350079F91B /* WelcomeViewController.xib */; };
		D5EF5A49285235A50079F91B /* UIButton+setStyle.swift in Sources */ = {isa = PBXBuildFile; fileRef = D5EF5A48285235A50079F91B /* UIButton+setStyle.swift */; };
		D5EF5A4B285235AF0079F91B /* ButtonStyle.swift in Sources */ = {isa = PBXBuildFile; fileRef = D5EF5A4A285235AF0079F91B /* ButtonStyle.swift */; };
		D5EF5A4F285238A70079F91B /* UIView+Animations.swift in Sources */ = {isa = PBXBuildFile; fileRef = D5EF5A4E285238A70079F91B /* UIView+Animations.swift */; };
		D5EF5A52285239A70079F91B /* AuthViewController.swift in Sources */ = {isa = PBXBuildFile; fileRef = D5EF5A50285239A70079F91B /* AuthViewController.swift */; };
		D5EF5A53285239A70079F91B /* AuthViewController.xib in Resources */ = {isa = PBXBuildFile; fileRef = D5EF5A51285239A70079F91B /* AuthViewController.xib */; };
		D5EF5A55285335810079F91B /* AuthManager.swift in Sources */ = {isa = PBXBuildFile; fileRef = D5EF5A54285335810079F91B /* AuthManager.swift */; };
		D5EF5A57285335FB0079F91B /* PKCEFlowProvider.swift in Sources */ = {isa = PBXBuildFile; fileRef = D5EF5A56285335FB0079F91B /* PKCEFlowProvider.swift */; };
		D5EF5A59285336110079F91B /* SpotifyEndpoint.swift in Sources */ = {isa = PBXBuildFile; fileRef = D5EF5A58285336110079F91B /* SpotifyEndpoint.swift */; };
		D5EF5A5B28533DEC0079F91B /* HTTPMethod.swift in Sources */ = {isa = PBXBuildFile; fileRef = D5EF5A5A28533DEC0079F91B /* HTTPMethod.swift */; };
		D5EF5A5D28533DFF0079F91B /* AppError.swift in Sources */ = {isa = PBXBuildFile; fileRef = D5EF5A5C28533DFF0079F91B /* AppError.swift */; };
		D5EF5A5F28533E300079F91B /* AuthResponse.swift in Sources */ = {isa = PBXBuildFile; fileRef = D5EF5A5E28533E300079F91B /* AuthResponse.swift */; };
		D5EF5A6128535B5B0079F91B /* Data+parseJSON.swift in Sources */ = {isa = PBXBuildFile; fileRef = D5EF5A6028535B5B0079F91B /* Data+parseJSON.swift */; };
		D5EF5A6428535B910079F91B /* Network.swift in Sources */ = {isa = PBXBuildFile; fileRef = D5EF5A6328535B910079F91B /* Network.swift */; };
		D5EF5A6628535C450079F91B /* SpotifyAuthProvider.swift in Sources */ = {isa = PBXBuildFile; fileRef = D5EF5A6528535C450079F91B /* SpotifyAuthProvider.swift */; };
		D5EF5A6B28536AB50079F91B /* OAuth2Supporting.swift in Sources */ = {isa = PBXBuildFile; fileRef = D5EF5A6A28536AB50079F91B /* OAuth2Supporting.swift */; };
		D5EF5A6D285379DE0079F91B /* KeychainManager.swift in Sources */ = {isa = PBXBuildFile; fileRef = D5EF5A6C285379DE0079F91B /* KeychainManager.swift */; };
/* End PBXBuildFile section */

/* Begin PBXFileReference section */
		D5136E982859E4D600765AC1 /* AudioTrackWrapper.swift */ = {isa = PBXFileReference; lastKnownFileType = sourcecode.swift; path = AudioTrackWrapper.swift; sourceTree = "<group>"; };
		D5136E9A2859F6E100765AC1 /* EpisodeWrapper.swift */ = {isa = PBXFileReference; lastKnownFileType = sourcecode.swift; path = EpisodeWrapper.swift; sourceTree = "<group>"; };
		D5136E9C2859F8F700765AC1 /* ShowWrapper.swift */ = {isa = PBXFileReference; lastKnownFileType = sourcecode.swift; path = ShowWrapper.swift; sourceTree = "<group>"; };
		D5136E9E2859FC6300765AC1 /* FeaturedPlaylistsResponse.swift */ = {isa = PBXFileReference; lastKnownFileType = sourcecode.swift; path = FeaturedPlaylistsResponse.swift; sourceTree = "<group>"; };
		D5136EA0285A017300765AC1 /* AudioTracksWrapper.swift */ = {isa = PBXFileReference; lastKnownFileType = sourcecode.swift; path = AudioTracksWrapper.swift; sourceTree = "<group>"; };
		D5136EA2285A0FB300765AC1 /* CreatePlaylistRequest.swift */ = {isa = PBXFileReference; lastKnownFileType = sourcecode.swift; path = CreatePlaylistRequest.swift; sourceTree = "<group>"; };
		D51D782A2858A1B700EED4F9 /* AudioTrackDeleteRequest.swift */ = {isa = PBXFileReference; lastKnownFileType = sourcecode.swift; path = AudioTrackDeleteRequest.swift; sourceTree = "<group>"; };
		D51D78362858BB1400EED4F9 /* ImageResponse.swift */ = {isa = PBXFileReference; lastKnownFileType = sourcecode.swift; path = ImageResponse.swift; sourceTree = "<group>"; };
		D51D78382858C38500EED4F9 /* ItemsResponse.swift */ = {isa = PBXFileReference; lastKnownFileType = sourcecode.swift; path = ItemsResponse.swift; sourceTree = "<group>"; };
		D51D783B2858C46500EED4F9 /* AudioTrack.swift */ = {isa = PBXFileReference; lastKnownFileType = sourcecode.swift; path = AudioTrack.swift; sourceTree = "<group>"; };
		D51D783D2858C48E00EED4F9 /* Album.swift */ = {isa = PBXFileReference; lastKnownFileType = sourcecode.swift; path = Album.swift; sourceTree = "<group>"; };
		D51D783F2858C4AD00EED4F9 /* Playlist.swift */ = {isa = PBXFileReference; lastKnownFileType = sourcecode.swift; path = Playlist.swift; sourceTree = "<group>"; };
		D51D78412858C4BB00EED4F9 /* Episode.swift */ = {isa = PBXFileReference; lastKnownFileType = sourcecode.swift; path = Episode.swift; sourceTree = "<group>"; };
		D51D78432858C4CD00EED4F9 /* Show.swift */ = {isa = PBXFileReference; lastKnownFileType = sourcecode.swift; path = Show.swift; sourceTree = "<group>"; };
		D51D78452858C4DA00EED4F9 /* Artist.swift */ = {isa = PBXFileReference; lastKnownFileType = sourcecode.swift; path = Artist.swift; sourceTree = "<group>"; };
		D51D78482858C89900EED4F9 /* AlbumImagesWrapper.swift */ = {isa = PBXFileReference; lastKnownFileType = sourcecode.swift; path = AlbumImagesWrapper.swift; sourceTree = "<group>"; };
		D5C92D082857300700EFA9FB /* WebRepository.swift */ = {isa = PBXFileReference; lastKnownFileType = sourcecode.swift; path = WebRepository.swift; sourceTree = "<group>"; };
		D5C92D0A2857303300EFA9FB /* UserProfile.swift */ = {isa = PBXFileReference; lastKnownFileType = sourcecode.swift; path = UserProfile.swift; sourceTree = "<group>"; };
		D5EF5A01285223950079F91B /* spotty.app */ = {isa = PBXFileReference; explicitFileType = wrapper.application; includeInIndex = 0; path = spotty.app; sourceTree = BUILT_PRODUCTS_DIR; };
		D5EF5A04285223950079F91B /* AppDelegate.swift */ = {isa = PBXFileReference; lastKnownFileType = sourcecode.swift; path = AppDelegate.swift; sourceTree = "<group>"; };
		D5EF5A06285223960079F91B /* SceneDelegate.swift */ = {isa = PBXFileReference; lastKnownFileType = sourcecode.swift; path = SceneDelegate.swift; sourceTree = "<group>"; };
		D5EF5A08285223960079F91B /* TabBarViewController.swift */ = {isa = PBXFileReference; lastKnownFileType = sourcecode.swift; path = TabBarViewController.swift; sourceTree = "<group>"; };
		D5EF5A0D285223980079F91B /* Assets.xcassets */ = {isa = PBXFileReference; lastKnownFileType = folder.assetcatalog; path = Assets.xcassets; sourceTree = "<group>"; };
		D5EF5A10285223980079F91B /* Base */ = {isa = PBXFileReference; lastKnownFileType = file.storyboard; name = Base; path = Base.lproj/LaunchScreen.storyboard; sourceTree = "<group>"; };
		D5EF5A12285223980079F91B /* Info.plist */ = {isa = PBXFileReference; lastKnownFileType = text.plist.xml; path = Info.plist; sourceTree = "<group>"; };
		D5EF5A2D28522BCC0079F91B /* MusicViewController.swift */ = {isa = PBXFileReference; lastKnownFileType = sourcecode.swift; path = MusicViewController.swift; sourceTree = "<group>"; };
		D5EF5A2F28522BDA0079F91B /* ShowsViewController.swift */ = {isa = PBXFileReference; lastKnownFileType = sourcecode.swift; path = ShowsViewController.swift; sourceTree = "<group>"; };
		D5EF5A3128522BE40079F91B /* PlaylistViewController.swift */ = {isa = PBXFileReference; lastKnownFileType = sourcecode.swift; path = PlaylistViewController.swift; sourceTree = "<group>"; };
		D5EF5A39285230350079F91B /* WelcomeViewController.swift */ = {isa = PBXFileReference; lastKnownFileType = sourcecode.swift; path = WelcomeViewController.swift; sourceTree = "<group>"; };
		D5EF5A3A285230350079F91B /* WelcomeViewController.xib */ = {isa = PBXFileReference; lastKnownFileType = file.xib; path = WelcomeViewController.xib; sourceTree = "<group>"; };
		D5EF5A48285235A50079F91B /* UIButton+setStyle.swift */ = {isa = PBXFileReference; lastKnownFileType = sourcecode.swift; path = "UIButton+setStyle.swift"; sourceTree = "<group>"; };
		D5EF5A4A285235AF0079F91B /* ButtonStyle.swift */ = {isa = PBXFileReference; lastKnownFileType = sourcecode.swift; path = ButtonStyle.swift; sourceTree = "<group>"; };
		D5EF5A4E285238A70079F91B /* UIView+Animations.swift */ = {isa = PBXFileReference; lastKnownFileType = sourcecode.swift; path = "UIView+Animations.swift"; sourceTree = "<group>"; };
		D5EF5A50285239A70079F91B /* AuthViewController.swift */ = {isa = PBXFileReference; lastKnownFileType = sourcecode.swift; path = AuthViewController.swift; sourceTree = "<group>"; };
		D5EF5A51285239A70079F91B /* AuthViewController.xib */ = {isa = PBXFileReference; lastKnownFileType = file.xib; path = AuthViewController.xib; sourceTree = "<group>"; };
		D5EF5A54285335810079F91B /* AuthManager.swift */ = {isa = PBXFileReference; lastKnownFileType = sourcecode.swift; path = AuthManager.swift; sourceTree = "<group>"; };
		D5EF5A56285335FB0079F91B /* PKCEFlowProvider.swift */ = {isa = PBXFileReference; lastKnownFileType = sourcecode.swift; path = PKCEFlowProvider.swift; sourceTree = "<group>"; };
		D5EF5A58285336110079F91B /* SpotifyEndpoint.swift */ = {isa = PBXFileReference; lastKnownFileType = sourcecode.swift; path = SpotifyEndpoint.swift; sourceTree = "<group>"; };
		D5EF5A5A28533DEC0079F91B /* HTTPMethod.swift */ = {isa = PBXFileReference; lastKnownFileType = sourcecode.swift; path = HTTPMethod.swift; sourceTree = "<group>"; };
		D5EF5A5C28533DFF0079F91B /* AppError.swift */ = {isa = PBXFileReference; lastKnownFileType = sourcecode.swift; path = AppError.swift; sourceTree = "<group>"; };
		D5EF5A5E28533E300079F91B /* AuthResponse.swift */ = {isa = PBXFileReference; lastKnownFileType = sourcecode.swift; path = AuthResponse.swift; sourceTree = "<group>"; };
		D5EF5A6028535B5B0079F91B /* Data+parseJSON.swift */ = {isa = PBXFileReference; lastKnownFileType = sourcecode.swift; path = "Data+parseJSON.swift"; sourceTree = "<group>"; };
		D5EF5A6328535B910079F91B /* Network.swift */ = {isa = PBXFileReference; lastKnownFileType = sourcecode.swift; path = Network.swift; sourceTree = "<group>"; };
		D5EF5A6528535C450079F91B /* SpotifyAuthProvider.swift */ = {isa = PBXFileReference; lastKnownFileType = sourcecode.swift; path = SpotifyAuthProvider.swift; sourceTree = "<group>"; };
		D5EF5A6A28536AB50079F91B /* OAuth2Supporting.swift */ = {isa = PBXFileReference; lastKnownFileType = sourcecode.swift; path = OAuth2Supporting.swift; sourceTree = "<group>"; };
		D5EF5A6C285379DE0079F91B /* KeychainManager.swift */ = {isa = PBXFileReference; lastKnownFileType = sourcecode.swift; path = KeychainManager.swift; sourceTree = "<group>"; };
/* End PBXFileReference section */

/* Begin PBXFrameworksBuildPhase section */
		D5EF59FE285223950079F91B /* Frameworks */ = {
			isa = PBXFrameworksBuildPhase;
			buildActionMask = 2147483647;
			files = (
			);
			runOnlyForDeploymentPostprocessing = 0;
		};
/* End PBXFrameworksBuildPhase section */

/* Begin PBXGroup section */
		D51D783A2858C38E00EED4F9 /* Response */ = {
			isa = PBXGroup;
			children = (
				D51D78362858BB1400EED4F9 /* ImageResponse.swift */,
				D5EF5A5E28533E300079F91B /* AuthResponse.swift */,
				D51D78382858C38500EED4F9 /* ItemsResponse.swift */,
				D5136E9E2859FC6300765AC1 /* FeaturedPlaylistsResponse.swift */,
				D5136E9A2859F6E100765AC1 /* EpisodeWrapper.swift */,
				D5136E9C2859F8F700765AC1 /* ShowWrapper.swift */,
				D5136E982859E4D600765AC1 /* AudioTrackWrapper.swift */,
				D5136EA0285A017300765AC1 /* AudioTracksWrapper.swift */,
				D51D78482858C89900EED4F9 /* AlbumImagesWrapper.swift */,
			);
			path = Response;
			sourceTree = "<group>";
		};
		D51D78472858C6D500EED4F9 /* Request */ = {
			isa = PBXGroup;
			children = (
				D51D782A2858A1B700EED4F9 /* AudioTrackDeleteRequest.swift */,
				D5136EA2285A0FB300765AC1 /* CreatePlaylistRequest.swift */,
			);
			path = Request;
			sourceTree = "<group>";
		};
		D5EF59F8285223950079F91B = {
			isa = PBXGroup;
			children = (
				D5EF5A03285223950079F91B /* spotty */,
				D5EF5A02285223950079F91B /* Products */,
			);
			sourceTree = "<group>";
		};
		D5EF5A02285223950079F91B /* Products */ = {
			isa = PBXGroup;
			children = (
				D5EF5A01285223950079F91B /* spotty.app */,
			);
			name = Products;
			sourceTree = "<group>";
		};
		D5EF5A03285223950079F91B /* spotty */ = {
			isa = PBXGroup;
			children = (
				D5EF5A18285224230079F91B /* Application */,
				D5EF5A1A285224940079F91B /* Scenes */,
				D5EF5A1D285226570079F91B /* Data */,
				D5EF5A1C2852258D0079F91B /* Utils */,
				D5EF5A1B285224A50079F91B /* Resources */,
			);
			path = spotty;
			sourceTree = "<group>";
		};
		D5EF5A18285224230079F91B /* Application */ = {
			isa = PBXGroup;
			children = (
				D5EF5A04285223950079F91B /* AppDelegate.swift */,
				D5EF5A06285223960079F91B /* SceneDelegate.swift */,
			);
			path = Application;
			sourceTree = "<group>";
		};
		D5EF5A1A285224940079F91B /* Scenes */ = {
			isa = PBXGroup;
			children = (
				D5EF5A282852289A0079F91B /* Login */,
				D5EF5A272852287C0079F91B /* Core */,
				D5EF5A29285228AC0079F91B /* Other */,
				D5EF5A262852281F0079F91B /* Detail */,
			);
			path = Scenes;
			sourceTree = "<group>";
		};
		D5EF5A1B285224A50079F91B /* Resources */ = {
			isa = PBXGroup;
			children = (
				D5EF5A0D285223980079F91B /* Assets.xcassets */,
				D5EF5A0F285223980079F91B /* LaunchScreen.storyboard */,
				D5EF5A12285223980079F91B /* Info.plist */,
			);
			path = Resources;
			sourceTree = "<group>";
		};
		D5EF5A1C2852258D0079F91B /* Utils */ = {
			isa = PBXGroup;
			children = (
				D5EF5A47285235950079F91B /* Extensions */,
				D5EF5A462852358F0079F91B /* Enums */,
				D5EF5A6C285379DE0079F91B /* KeychainManager.swift */,
			);
			path = Utils;
			sourceTree = "<group>";
		};
		D5EF5A1D285226570079F91B /* Data */ = {
			isa = PBXGroup;
			children = (
				D5EF5A2A285229390079F91B /* Models */,
				D5EF5A2B285229410079F91B /* Repository */,
				D5EF5A2C285229830079F91B /* Network */,
			);
			path = Data;
			sourceTree = "<group>";
		};
		D5EF5A1F2852269A0079F91B /* WelcomeScene */ = {
			isa = PBXGroup;
			children = (
				D5EF5A39285230350079F91B /* WelcomeViewController.swift */,
				D5EF5A3A285230350079F91B /* WelcomeViewController.xib */,
			);
			path = WelcomeScene;
			sourceTree = "<group>";
		};
		D5EF5A20285226AD0079F91B /* AuthScene */ = {
			isa = PBXGroup;
			children = (
				D5EF5A50285239A70079F91B /* AuthViewController.swift */,
				D5EF5A51285239A70079F91B /* AuthViewController.xib */,
			);
			path = AuthScene;
			sourceTree = "<group>";
		};
		D5EF5A21285226BE0079F91B /* MusicScene */ = {
			isa = PBXGroup;
			children = (
				D5EF5A2D28522BCC0079F91B /* MusicViewController.swift */,
			);
			path = MusicScene;
			sourceTree = "<group>";
		};
		D5EF5A22285226CC0079F91B /* ShowsScene */ = {
			isa = PBXGroup;
			children = (
				D5EF5A2F28522BDA0079F91B /* ShowsViewController.swift */,
			);
			path = ShowsScene;
			sourceTree = "<group>";
		};
		D5EF5A23285226DA0079F91B /* PlaylistScene */ = {
			isa = PBXGroup;
			children = (
				D5EF5A3128522BE40079F91B /* PlaylistViewController.swift */,
			);
			path = PlaylistScene;
			sourceTree = "<group>";
		};
		D5EF5A24285227D20079F91B /* ProfileScene */ = {
			isa = PBXGroup;
			children = (
			);
			path = ProfileScene;
			sourceTree = "<group>";
		};
		D5EF5A25285227E80079F91B /* SearchScene */ = {
			isa = PBXGroup;
			children = (
			);
			path = SearchScene;
			sourceTree = "<group>";
		};
		D5EF5A262852281F0079F91B /* Detail */ = {
			isa = PBXGroup;
			children = (
			);
			path = Detail;
			sourceTree = "<group>";
		};
		D5EF5A272852287C0079F91B /* Core */ = {
			isa = PBXGroup;
			children = (
				D5EF5A08285223960079F91B /* TabBarViewController.swift */,
				D5EF5A21285226BE0079F91B /* MusicScene */,
				D5EF5A22285226CC0079F91B /* ShowsScene */,
				D5EF5A23285226DA0079F91B /* PlaylistScene */,
			);
			path = Core;
			sourceTree = "<group>";
		};
		D5EF5A282852289A0079F91B /* Login */ = {
			isa = PBXGroup;
			children = (
				D5EF5A1F2852269A0079F91B /* WelcomeScene */,
				D5EF5A20285226AD0079F91B /* AuthScene */,
			);
			path = Login;
			sourceTree = "<group>";
		};
		D5EF5A29285228AC0079F91B /* Other */ = {
			isa = PBXGroup;
			children = (
				D5EF5A24285227D20079F91B /* ProfileScene */,
				D5EF5A25285227E80079F91B /* SearchScene */,
			);
			path = Other;
			sourceTree = "<group>";
		};
		D5EF5A2A285229390079F91B /* Models */ = {
			isa = PBXGroup;
			children = (
				D51D783A2858C38E00EED4F9 /* Response */,
				D51D78472858C6D500EED4F9 /* Request */,
				D5C92D0A2857303300EFA9FB /* UserProfile.swift */,
				D51D78452858C4DA00EED4F9 /* Artist.swift */,
				D51D783B2858C46500EED4F9 /* AudioTrack.swift */,
				D51D783D2858C48E00EED4F9 /* Album.swift */,
				D51D783F2858C4AD00EED4F9 /* Playlist.swift */,
				D51D78412858C4BB00EED4F9 /* Episode.swift */,
				D51D78432858C4CD00EED4F9 /* Show.swift */,
			);
			path = Models;
			sourceTree = "<group>";
		};
		D5EF5A2B285229410079F91B /* Repository */ = {
			isa = PBXGroup;
			children = (
				D5C92D082857300700EFA9FB /* WebRepository.swift */,
			);
			path = Repository;
			sourceTree = "<group>";
		};
		D5EF5A2C285229830079F91B /* Network */ = {
			isa = PBXGroup;
			children = (
				D5EF5A67285362670079F91B /* Auth */,
				D5EF5A68285362AD0079F91B /* SpotifyAPI */,
				D5EF5A6328535B910079F91B /* Network.swift */,
			);
			path = Network;
			sourceTree = "<group>";
		};
		D5EF5A462852358F0079F91B /* Enums */ = {
			isa = PBXGroup;
			children = (
				D5EF5A6928536A190079F91B /* Styles */,
				D5EF5A5C28533DFF0079F91B /* AppError.swift */,
				D5EF5A5A28533DEC0079F91B /* HTTPMethod.swift */,
			);
			path = Enums;
			sourceTree = "<group>";
		};
		D5EF5A47285235950079F91B /* Extensions */ = {
			isa = PBXGroup;
			children = (
				D5EF5A6228535B720079F91B /* UI */,
				D5EF5A6028535B5B0079F91B /* Data+parseJSON.swift */,
			);
			path = Extensions;
			sourceTree = "<group>";
		};
		D5EF5A6228535B720079F91B /* UI */ = {
			isa = PBXGroup;
			children = (
				D5EF5A4E285238A70079F91B /* UIView+Animations.swift */,
				D5EF5A48285235A50079F91B /* UIButton+setStyle.swift */,
			);
			path = UI;
			sourceTree = "<group>";
		};
		D5EF5A67285362670079F91B /* Auth */ = {
			isa = PBXGroup;
			children = (
				D5EF5A54285335810079F91B /* AuthManager.swift */,
				D5EF5A56285335FB0079F91B /* PKCEFlowProvider.swift */,
				D5EF5A6A28536AB50079F91B /* OAuth2Supporting.swift */,
			);
			path = Auth;
			sourceTree = "<group>";
		};
		D5EF5A68285362AD0079F91B /* SpotifyAPI */ = {
			isa = PBXGroup;
			children = (
				D5EF5A6528535C450079F91B /* SpotifyAuthProvider.swift */,
				D5EF5A58285336110079F91B /* SpotifyEndpoint.swift */,
			);
			path = SpotifyAPI;
			sourceTree = "<group>";
		};
		D5EF5A6928536A190079F91B /* Styles */ = {
			isa = PBXGroup;
			children = (
				D5EF5A4A285235AF0079F91B /* ButtonStyle.swift */,
			);
			path = Styles;
			sourceTree = "<group>";
		};
/* End PBXGroup section */

/* Begin PBXNativeTarget section */
		D5EF5A00285223950079F91B /* spotty */ = {
			isa = PBXNativeTarget;
			buildConfigurationList = D5EF5A15285223980079F91B /* Build configuration list for PBXNativeTarget "spotty" */;
			buildPhases = (
				D5EF59FD285223950079F91B /* Sources */,
				D5EF59FE285223950079F91B /* Frameworks */,
				D5EF59FF285223950079F91B /* Resources */,
			);
			buildRules = (
			);
			dependencies = (
			);
			name = spotty;
			productName = spotty;
			productReference = D5EF5A01285223950079F91B /* spotty.app */;
			productType = "com.apple.product-type.application";
		};
/* End PBXNativeTarget section */

/* Begin PBXProject section */
		D5EF59F9285223950079F91B /* Project object */ = {
			isa = PBXProject;
			attributes = {
				BuildIndependentTargetsInParallel = 1;
				LastSwiftUpdateCheck = 1330;
				LastUpgradeCheck = 1330;
				TargetAttributes = {
					D5EF5A00285223950079F91B = {
						CreatedOnToolsVersion = 13.3;
					};
				};
			};
			buildConfigurationList = D5EF59FC285223950079F91B /* Build configuration list for PBXProject "spotty" */;
			compatibilityVersion = "Xcode 13.0";
			developmentRegion = en;
			hasScannedForEncodings = 0;
			knownRegions = (
				en,
				Base,
			);
			mainGroup = D5EF59F8285223950079F91B;
			productRefGroup = D5EF5A02285223950079F91B /* Products */;
			projectDirPath = "";
			projectRoot = "";
			targets = (
				D5EF5A00285223950079F91B /* spotty */,
			);
		};
/* End PBXProject section */

/* Begin PBXResourcesBuildPhase section */
		D5EF59FF285223950079F91B /* Resources */ = {
			isa = PBXResourcesBuildPhase;
			buildActionMask = 2147483647;
			files = (
				D5EF5A53285239A70079F91B /* AuthViewController.xib in Resources */,
				D5EF5A11285223980079F91B /* LaunchScreen.storyboard in Resources */,
				D5EF5A0E285223980079F91B /* Assets.xcassets in Resources */,
				D5EF5A3C285230350079F91B /* WelcomeViewController.xib in Resources */,
			);
			runOnlyForDeploymentPostprocessing = 0;
		};
/* End PBXResourcesBuildPhase section */

/* Begin PBXSourcesBuildPhase section */
		D5EF59FD285223950079F91B /* Sources */ = {
			isa = PBXSourcesBuildPhase;
			buildActionMask = 2147483647;
			files = (
				D5EF5A6428535B910079F91B /* Network.swift in Sources */,
				D5C92D092857300700EFA9FB /* WebRepository.swift in Sources */,
				D5EF5A59285336110079F91B /* SpotifyEndpoint.swift in Sources */,
				D5EF5A52285239A70079F91B /* AuthViewController.swift in Sources */,
				D5EF5A55285335810079F91B /* AuthManager.swift in Sources */,
				D5136E9B2859F6E100765AC1 /* EpisodeWrapper.swift in Sources */,
				D5EF5A2E28522BCC0079F91B /* MusicViewController.swift in Sources */,
				D5EF5A3028522BDA0079F91B /* ShowsViewController.swift in Sources */,
				D5EF5A3228522BE40079F91B /* PlaylistViewController.swift in Sources */,
				D5EF5A4B285235AF0079F91B /* ButtonStyle.swift in Sources */,
				D51D78392858C38500EED4F9 /* ItemsResponse.swift in Sources */,
				D5136E9F2859FC6300765AC1 /* FeaturedPlaylistsResponse.swift in Sources */,
				D51D783E2858C48E00EED4F9 /* Album.swift in Sources */,
				D51D78492858C89900EED4F9 /* AlbumImagesWrapper.swift in Sources */,
				D5EF5A6128535B5B0079F91B /* Data+parseJSON.swift in Sources */,
				D5136EA1285A017300765AC1 /* AudioTracksWrapper.swift in Sources */,
				D51D78462858C4DA00EED4F9 /* Artist.swift in Sources */,
				D5EF5A09285223960079F91B /* TabBarViewController.swift in Sources */,
				D5EF5A5B28533DEC0079F91B /* HTTPMethod.swift in Sources */,
				D51D78422858C4BB00EED4F9 /* Episode.swift in Sources */,
				D5EF5A05285223950079F91B /* AppDelegate.swift in Sources */,
				D51D78442858C4CD00EED4F9 /* Show.swift in Sources */,
				D5EF5A57285335FB0079F91B /* PKCEFlowProvider.swift in Sources */,
				D5EF5A07285223960079F91B /* SceneDelegate.swift in Sources */,
				D5EF5A49285235A50079F91B /* UIButton+setStyle.swift in Sources */,
				D5EF5A6628535C450079F91B /* SpotifyAuthProvider.swift in Sources */,
				D5136E992859E4D600765AC1 /* AudioTrackWrapper.swift in Sources */,
				D5EF5A5D28533DFF0079F91B /* AppError.swift in Sources */,
				D5EF5A6D285379DE0079F91B /* KeychainManager.swift in Sources */,
				D5136EA3285A0FB300765AC1 /* CreatePlaylistRequest.swift in Sources */,
				D51D78372858BB1400EED4F9 /* ImageResponse.swift in Sources */,
				D51D782B2858A1B700EED4F9 /* AudioTrackDeleteRequest.swift in Sources */,
				D5EF5A3B285230350079F91B /* WelcomeViewController.swift in Sources */,
				D5C92D0B2857303300EFA9FB /* UserProfile.swift in Sources */,
				D51D78402858C4AD00EED4F9 /* Playlist.swift in Sources */,
				D5136E9D2859F8F700765AC1 /* ShowWrapper.swift in Sources */,
				D51D783C2858C46500EED4F9 /* AudioTrack.swift in Sources */,
				D5EF5A4F285238A70079F91B /* UIView+Animations.swift in Sources */,
				D5EF5A6B28536AB50079F91B /* OAuth2Supporting.swift in Sources */,
				D5EF5A5F28533E300079F91B /* AuthResponse.swift in Sources */,
			);
			runOnlyForDeploymentPostprocessing = 0;
		};
/* End PBXSourcesBuildPhase section */

/* Begin PBXVariantGroup section */
		D5EF5A0F285223980079F91B /* LaunchScreen.storyboard */ = {
			isa = PBXVariantGroup;
			children = (
				D5EF5A10285223980079F91B /* Base */,
			);
			name = LaunchScreen.storyboard;
			sourceTree = "<group>";
		};
/* End PBXVariantGroup section */

/* Begin XCBuildConfiguration section */
		D5EF5A13285223980079F91B /* Debug */ = {
			isa = XCBuildConfiguration;
			buildSettings = {
				ALWAYS_SEARCH_USER_PATHS = NO;
				CLANG_ANALYZER_NONNULL = YES;
				CLANG_ANALYZER_NUMBER_OBJECT_CONVERSION = YES_AGGRESSIVE;
				CLANG_CXX_LANGUAGE_STANDARD = "gnu++17";
				CLANG_ENABLE_MODULES = YES;
				CLANG_ENABLE_OBJC_ARC = YES;
				CLANG_ENABLE_OBJC_WEAK = YES;
				CLANG_WARN_BLOCK_CAPTURE_AUTORELEASING = YES;
				CLANG_WARN_BOOL_CONVERSION = YES;
				CLANG_WARN_COMMA = YES;
				CLANG_WARN_CONSTANT_CONVERSION = YES;
				CLANG_WARN_DEPRECATED_OBJC_IMPLEMENTATIONS = YES;
				CLANG_WARN_DIRECT_OBJC_ISA_USAGE = YES_ERROR;
				CLANG_WARN_DOCUMENTATION_COMMENTS = YES;
				CLANG_WARN_EMPTY_BODY = YES;
				CLANG_WARN_ENUM_CONVERSION = YES;
				CLANG_WARN_INFINITE_RECURSION = YES;
				CLANG_WARN_INT_CONVERSION = YES;
				CLANG_WARN_NON_LITERAL_NULL_CONVERSION = YES;
				CLANG_WARN_OBJC_IMPLICIT_RETAIN_SELF = YES;
				CLANG_WARN_OBJC_LITERAL_CONVERSION = YES;
				CLANG_WARN_OBJC_ROOT_CLASS = YES_ERROR;
				CLANG_WARN_QUOTED_INCLUDE_IN_FRAMEWORK_HEADER = YES;
				CLANG_WARN_RANGE_LOOP_ANALYSIS = YES;
				CLANG_WARN_STRICT_PROTOTYPES = YES;
				CLANG_WARN_SUSPICIOUS_MOVE = YES;
				CLANG_WARN_UNGUARDED_AVAILABILITY = YES_AGGRESSIVE;
				CLANG_WARN_UNREACHABLE_CODE = YES;
				CLANG_WARN__DUPLICATE_METHOD_MATCH = YES;
				COPY_PHASE_STRIP = NO;
				DEBUG_INFORMATION_FORMAT = dwarf;
				ENABLE_STRICT_OBJC_MSGSEND = YES;
				ENABLE_TESTABILITY = YES;
				GCC_C_LANGUAGE_STANDARD = gnu11;
				GCC_DYNAMIC_NO_PIC = NO;
				GCC_NO_COMMON_BLOCKS = YES;
				GCC_OPTIMIZATION_LEVEL = 0;
				GCC_PREPROCESSOR_DEFINITIONS = (
					"DEBUG=1",
					"$(inherited)",
				);
				GCC_WARN_64_TO_32_BIT_CONVERSION = YES;
				GCC_WARN_ABOUT_RETURN_TYPE = YES_ERROR;
				GCC_WARN_UNDECLARED_SELECTOR = YES;
				GCC_WARN_UNINITIALIZED_AUTOS = YES_AGGRESSIVE;
				GCC_WARN_UNUSED_FUNCTION = YES;
				GCC_WARN_UNUSED_VARIABLE = YES;
				IPHONEOS_DEPLOYMENT_TARGET = 15.4;
				MTL_ENABLE_DEBUG_INFO = INCLUDE_SOURCE;
				MTL_FAST_MATH = YES;
				ONLY_ACTIVE_ARCH = YES;
				SDKROOT = iphoneos;
				SWIFT_ACTIVE_COMPILATION_CONDITIONS = DEBUG;
				SWIFT_OPTIMIZATION_LEVEL = "-Onone";
			};
			name = Debug;
		};
		D5EF5A14285223980079F91B /* Release */ = {
			isa = XCBuildConfiguration;
			buildSettings = {
				ALWAYS_SEARCH_USER_PATHS = NO;
				CLANG_ANALYZER_NONNULL = YES;
				CLANG_ANALYZER_NUMBER_OBJECT_CONVERSION = YES_AGGRESSIVE;
				CLANG_CXX_LANGUAGE_STANDARD = "gnu++17";
				CLANG_ENABLE_MODULES = YES;
				CLANG_ENABLE_OBJC_ARC = YES;
				CLANG_ENABLE_OBJC_WEAK = YES;
				CLANG_WARN_BLOCK_CAPTURE_AUTORELEASING = YES;
				CLANG_WARN_BOOL_CONVERSION = YES;
				CLANG_WARN_COMMA = YES;
				CLANG_WARN_CONSTANT_CONVERSION = YES;
				CLANG_WARN_DEPRECATED_OBJC_IMPLEMENTATIONS = YES;
				CLANG_WARN_DIRECT_OBJC_ISA_USAGE = YES_ERROR;
				CLANG_WARN_DOCUMENTATION_COMMENTS = YES;
				CLANG_WARN_EMPTY_BODY = YES;
				CLANG_WARN_ENUM_CONVERSION = YES;
				CLANG_WARN_INFINITE_RECURSION = YES;
				CLANG_WARN_INT_CONVERSION = YES;
				CLANG_WARN_NON_LITERAL_NULL_CONVERSION = YES;
				CLANG_WARN_OBJC_IMPLICIT_RETAIN_SELF = YES;
				CLANG_WARN_OBJC_LITERAL_CONVERSION = YES;
				CLANG_WARN_OBJC_ROOT_CLASS = YES_ERROR;
				CLANG_WARN_QUOTED_INCLUDE_IN_FRAMEWORK_HEADER = YES;
				CLANG_WARN_RANGE_LOOP_ANALYSIS = YES;
				CLANG_WARN_STRICT_PROTOTYPES = YES;
				CLANG_WARN_SUSPICIOUS_MOVE = YES;
				CLANG_WARN_UNGUARDED_AVAILABILITY = YES_AGGRESSIVE;
				CLANG_WARN_UNREACHABLE_CODE = YES;
				CLANG_WARN__DUPLICATE_METHOD_MATCH = YES;
				COPY_PHASE_STRIP = NO;
				DEBUG_INFORMATION_FORMAT = "dwarf-with-dsym";
				ENABLE_NS_ASSERTIONS = NO;
				ENABLE_STRICT_OBJC_MSGSEND = YES;
				GCC_C_LANGUAGE_STANDARD = gnu11;
				GCC_NO_COMMON_BLOCKS = YES;
				GCC_WARN_64_TO_32_BIT_CONVERSION = YES;
				GCC_WARN_ABOUT_RETURN_TYPE = YES_ERROR;
				GCC_WARN_UNDECLARED_SELECTOR = YES;
				GCC_WARN_UNINITIALIZED_AUTOS = YES_AGGRESSIVE;
				GCC_WARN_UNUSED_FUNCTION = YES;
				GCC_WARN_UNUSED_VARIABLE = YES;
				IPHONEOS_DEPLOYMENT_TARGET = 15.4;
				MTL_ENABLE_DEBUG_INFO = NO;
				MTL_FAST_MATH = YES;
				SDKROOT = iphoneos;
				SWIFT_COMPILATION_MODE = wholemodule;
				SWIFT_OPTIMIZATION_LEVEL = "-O";
				VALIDATE_PRODUCT = YES;
			};
			name = Release;
		};
		D5EF5A16285223980079F91B /* Debug */ = {
			isa = XCBuildConfiguration;
			buildSettings = {
				ASSETCATALOG_COMPILER_APPICON_NAME = AppIcon;
				ASSETCATALOG_COMPILER_GLOBAL_ACCENT_COLOR_NAME = AccentColor;
				CODE_SIGN_STYLE = Automatic;
				CURRENT_PROJECT_VERSION = 1;
				DEVELOPMENT_TEAM = YL3J84P643;
				GENERATE_INFOPLIST_FILE = YES;
				INFOPLIST_FILE = spotty/Resources/Info.plist;
				INFOPLIST_KEY_UIApplicationSupportsIndirectInputEvents = YES;
				INFOPLIST_KEY_UILaunchStoryboardName = LaunchScreen;
				INFOPLIST_KEY_UISupportedInterfaceOrientations = UIInterfaceOrientationPortrait;
				INFOPLIST_KEY_UISupportedInterfaceOrientations_iPad = "UIInterfaceOrientationPortrait UIInterfaceOrientationPortraitUpsideDown UIInterfaceOrientationLandscapeLeft UIInterfaceOrientationLandscapeRight";
				INFOPLIST_KEY_UISupportedInterfaceOrientations_iPhone = "UIInterfaceOrientationPortrait UIInterfaceOrientationLandscapeLeft UIInterfaceOrientationLandscapeRight";
				LD_RUNPATH_SEARCH_PATHS = (
					"$(inherited)",
					"@executable_path/Frameworks",
				);
				MARKETING_VERSION = 1.0;
				PRODUCT_BUNDLE_IDENTIFIER = com.ivaylo.spotty;
				PRODUCT_NAME = "$(TARGET_NAME)";
				SWIFT_EMIT_LOC_STRINGS = YES;
				SWIFT_VERSION = 5.0;
				TARGETED_DEVICE_FAMILY = "1,2";
			};
			name = Debug;
		};
		D5EF5A17285223980079F91B /* Release */ = {
			isa = XCBuildConfiguration;
			buildSettings = {
				ASSETCATALOG_COMPILER_APPICON_NAME = AppIcon;
				ASSETCATALOG_COMPILER_GLOBAL_ACCENT_COLOR_NAME = AccentColor;
				CODE_SIGN_STYLE = Automatic;
				CURRENT_PROJECT_VERSION = 1;
				DEVELOPMENT_TEAM = YL3J84P643;
				GENERATE_INFOPLIST_FILE = YES;
				INFOPLIST_FILE = spotty/Resources/Info.plist;
				INFOPLIST_KEY_UIApplicationSupportsIndirectInputEvents = YES;
				INFOPLIST_KEY_UILaunchStoryboardName = LaunchScreen;
				INFOPLIST_KEY_UISupportedInterfaceOrientations = UIInterfaceOrientationPortrait;
				INFOPLIST_KEY_UISupportedInterfaceOrientations_iPad = "UIInterfaceOrientationPortrait UIInterfaceOrientationPortraitUpsideDown UIInterfaceOrientationLandscapeLeft UIInterfaceOrientationLandscapeRight";
				INFOPLIST_KEY_UISupportedInterfaceOrientations_iPhone = "UIInterfaceOrientationPortrait UIInterfaceOrientationLandscapeLeft UIInterfaceOrientationLandscapeRight";
				LD_RUNPATH_SEARCH_PATHS = (
					"$(inherited)",
					"@executable_path/Frameworks",
				);
				MARKETING_VERSION = 1.0;
				PRODUCT_BUNDLE_IDENTIFIER = com.ivaylo.spotty;
				PRODUCT_NAME = "$(TARGET_NAME)";
				SWIFT_EMIT_LOC_STRINGS = YES;
				SWIFT_VERSION = 5.0;
				TARGETED_DEVICE_FAMILY = "1,2";
			};
			name = Release;
		};
/* End XCBuildConfiguration section */

/* Begin XCConfigurationList section */
		D5EF59FC285223950079F91B /* Build configuration list for PBXProject "spotty" */ = {
			isa = XCConfigurationList;
			buildConfigurations = (
				D5EF5A13285223980079F91B /* Debug */,
				D5EF5A14285223980079F91B /* Release */,
			);
			defaultConfigurationIsVisible = 0;
			defaultConfigurationName = Release;
		};
		D5EF5A15285223980079F91B /* Build configuration list for PBXNativeTarget "spotty" */ = {
			isa = XCConfigurationList;
			buildConfigurations = (
				D5EF5A16285223980079F91B /* Debug */,
				D5EF5A17285223980079F91B /* Release */,
			);
			defaultConfigurationIsVisible = 0;
			defaultConfigurationName = Release;
		};
/* End XCConfigurationList section */
	};
	rootObject = D5EF59F9285223950079F91B /* Project object */;
}
