// !$*UTF8*$!
{
	archiveVersion = 1;
	classes = {
	};
	objectVersion = 55;
	objects = {

/* Begin PBXBuildFile section */
		D5EF5A05285223950079F91B /* AppDelegate.swift in Sources */ = {isa = PBXBuildFile; fileRef = D5EF5A04285223950079F91B /* AppDelegate.swift */; };
		D5EF5A07285223960079F91B /* SceneDelegate.swift in Sources */ = {isa = PBXBuildFile; fileRef = D5EF5A06285223960079F91B /* SceneDelegate.swift */; };
		D5EF5A09285223960079F91B /* TabBarViewController.swift in Sources */ = {isa = PBXBuildFile; fileRef = D5EF5A08285223960079F91B /* TabBarViewController.swift */; };
		D5EF5A0E285223980079F91B /* Assets.xcassets in Resources */ = {isa = PBXBuildFile; fileRef = D5EF5A0D285223980079F91B /* Assets.xcassets */; };
		D5EF5A11285223980079F91B /* LaunchScreen.storyboard in Resources */ = {isa = PBXBuildFile; fileRef = D5EF5A0F285223980079F91B /* LaunchScreen.storyboard */; };
		D5EF5A2E28522BCC0079F91B /* MusicViewController.swift in Sources */ = {isa = PBXBuildFile; fileRef = D5EF5A2D28522BCC0079F91B /* MusicViewController.swift */; };
		D5EF5A3028522BDA0079F91B /* ShowsViewController.swift in Sources */ = {isa = PBXBuildFile; fileRef = D5EF5A2F28522BDA0079F91B /* ShowsViewController.swift */; };
		D5EF5A3228522BE40079F91B /* PlaylistViewController.swift in Sources */ = {isa = PBXBuildFile; fileRef = D5EF5A3128522BE40079F91B /* PlaylistViewController.swift */; };
/* End PBXBuildFile section */

/* Begin PBXFileReference section */
		D5EF5A01285223950079F91B /* spotty.app */ = {isa = PBXFileReference; explicitFileType = wrapper.application; includeInIndex = 0; path = spotty.app; sourceTree = BUILT_PRODUCTS_DIR; };
		D5EF5A04285223950079F91B /* AppDelegate.swift */ = {isa = PBXFileReference; lastKnownFileType = sourcecode.swift; path = AppDelegate.swift; sourceTree = "<group>"; };
		D5EF5A06285223960079F91B /* SceneDelegate.swift */ = {isa = PBXFileReference; lastKnownFileType = sourcecode.swift; path = SceneDelegate.swift; sourceTree = "<group>"; };
		D5EF5A08285223960079F91B /* TabBarViewController.swift */ = {isa = PBXFileReference; lastKnownFileType = sourcecode.swift; path = TabBarViewController.swift; sourceTree = "<group>"; };
		D5EF5A0D285223980079F91B /* Assets.xcassets */ = {isa = PBXFileReference; lastKnownFileType = folder.assetcatalog; path = Assets.xcassets; sourceTree = "<group>"; };
		D5EF5A10285223980079F91B /* Base */ = {isa = PBXFileReference; lastKnownFileType = file.storyboard; name = Base; path = Base.lproj/LaunchScreen.storyboard; sourceTree = "<group>"; };
		D5EF5A12285223980079F91B /* Info.plist */ = {isa = PBXFileReference; lastKnownFileType = text.plist.xml; path = Info.plist; sourceTree = "<group>"; };
		D5EF5A2D28522BCC0079F91B /* MusicViewController.swift */ = {isa = PBXFileReference; lastKnownFileType = sourcecode.swift; path = MusicViewController.swift; sourceTree = "<group>"; };
		D5EF5A2F28522BDA0079F91B /* ShowsViewController.swift */ = {isa = PBXFileReference; lastKnownFileType = sourcecode.swift; path = ShowsViewController.swift; sourceTree = "<group>"; };
		D5EF5A3128522BE40079F91B /* PlaylistViewController.swift */ = {isa = PBXFileReference; lastKnownFileType = sourcecode.swift; path = PlaylistViewController.swift; sourceTree = "<group>"; };
/* End PBXFileReference section */

/* Begin PBXFrameworksBuildPhase section */
		D5EF59FE285223950079F91B /* Frameworks */ = {
			isa = PBXFrameworksBuildPhase;
			buildActionMask = 2147483647;
			files = (
			);
			runOnlyForDeploymentPostprocessing = 0;
		};
/* End PBXFrameworksBuildPhase section */

/* Begin PBXGroup section */
		D5EF59F8285223950079F91B = {
			isa = PBXGroup;
			children = (
				D5EF5A03285223950079F91B /* spotty */,
				D5EF5A02285223950079F91B /* Products */,
			);
			sourceTree = "<group>";
		};
		D5EF5A02285223950079F91B /* Products */ = {
			isa = PBXGroup;
			children = (
				D5EF5A01285223950079F91B /* spotty.app */,
			);
			name = Products;
			sourceTree = "<group>";
		};
		D5EF5A03285223950079F91B /* spotty */ = {
			isa = PBXGroup;
			children = (
				D5EF5A18285224230079F91B /* Application */,
				D5EF5A1A285224940079F91B /* Scenes */,
				D5EF5A1D285226570079F91B /* Data */,
				D5EF5A1C2852258D0079F91B /* Utils */,
				D5EF5A1B285224A50079F91B /* Resources */,
			);
			path = spotty;
			sourceTree = "<group>";
		};
		D5EF5A18285224230079F91B /* Application */ = {
			isa = PBXGroup;
			children = (
				D5EF5A04285223950079F91B /* AppDelegate.swift */,
				D5EF5A06285223960079F91B /* SceneDelegate.swift */,
			);
			path = Application;
			sourceTree = "<group>";
		};
		D5EF5A1A285224940079F91B /* Scenes */ = {
			isa = PBXGroup;
			children = (
				D5EF5A282852289A0079F91B /* Login */,
				D5EF5A272852287C0079F91B /* Core */,
				D5EF5A29285228AC0079F91B /* Other */,
				D5EF5A262852281F0079F91B /* Detail */,
			);
			path = Scenes;
			sourceTree = "<group>";
		};
		D5EF5A1B285224A50079F91B /* Resources */ = {
			isa = PBXGroup;
			children = (
				D5EF5A0D285223980079F91B /* Assets.xcassets */,
				D5EF5A0F285223980079F91B /* LaunchScreen.storyboard */,
				D5EF5A12285223980079F91B /* Info.plist */,
			);
			path = Resources;
			sourceTree = "<group>";
		};
		D5EF5A1C2852258D0079F91B /* Utils */ = {
			isa = PBXGroup;
			children = (
			);
			path = Utils;
			sourceTree = "<group>";
		};
		D5EF5A1D285226570079F91B /* Data */ = {
			isa = PBXGroup;
			children = (
				D5EF5A2A285229390079F91B /* Models */,
				D5EF5A2B285229410079F91B /* Repository */,
				D5EF5A2C285229830079F91B /* Network */,
			);
			path = Data;
			sourceTree = "<group>";
		};
		D5EF5A1F2852269A0079F91B /* WelcomeScene */ = {
			isa = PBXGroup;
			children = (
			);
			path = WelcomeScene;
			sourceTree = "<group>";
		};
		D5EF5A20285226AD0079F91B /* AuthScene */ = {
			isa = PBXGroup;
			children = (
			);
			path = AuthScene;
			sourceTree = "<group>";
		};
		D5EF5A21285226BE0079F91B /* MusicScene */ = {
			isa = PBXGroup;
			children = (
				D5EF5A2D28522BCC0079F91B /* MusicViewController.swift */,
			);
			path = MusicScene;
			sourceTree = "<group>";
		};
		D5EF5A22285226CC0079F91B /* ShowsScene */ = {
			isa = PBXGroup;
			children = (
				D5EF5A2F28522BDA0079F91B /* ShowsViewController.swift */,
			);
			path = ShowsScene;
			sourceTree = "<group>";
		};
		D5EF5A23285226DA0079F91B /* PlaylistScene */ = {
			isa = PBXGroup;
			children = (
				D5EF5A3128522BE40079F91B /* PlaylistViewController.swift */,
			);
			path = PlaylistScene;
			sourceTree = "<group>";
		};
		D5EF5A24285227D20079F91B /* ProfileScene */ = {
			isa = PBXGroup;
			children = (
			);
			path = ProfileScene;
			sourceTree = "<group>";
		};
		D5EF5A25285227E80079F91B /* SearchScene */ = {
			isa = PBXGroup;
			children = (
			);
			path = SearchScene;
			sourceTree = "<group>";
		};
		D5EF5A262852281F0079F91B /* Detail */ = {
			isa = PBXGroup;
			children = (
			);
			path = Detail;
			sourceTree = "<group>";
		};
		D5EF5A272852287C0079F91B /* Core */ = {
			isa = PBXGroup;
			children = (
				D5EF5A08285223960079F91B /* TabBarViewController.swift */,
				D5EF5A21285226BE0079F91B /* MusicScene */,
				D5EF5A22285226CC0079F91B /* ShowsScene */,
				D5EF5A23285226DA0079F91B /* PlaylistScene */,
			);
			path = Core;
			sourceTree = "<group>";
		};
		D5EF5A282852289A0079F91B /* Login */ = {
			isa = PBXGroup;
			children = (
				D5EF5A1F2852269A0079F91B /* WelcomeScene */,
				D5EF5A20285226AD0079F91B /* AuthScene */,
			);
			path = Login;
			sourceTree = "<group>";
		};
		D5EF5A29285228AC0079F91B /* Other */ = {
			isa = PBXGroup;
			children = (
				D5EF5A24285227D20079F91B /* ProfileScene */,
				D5EF5A25285227E80079F91B /* SearchScene */,
			);
			path = Other;
			sourceTree = "<group>";
		};
		D5EF5A2A285229390079F91B /* Models */ = {
			isa = PBXGroup;
			children = (
			);
			path = Models;
			sourceTree = "<group>";
		};
		D5EF5A2B285229410079F91B /* Repository */ = {
			isa = PBXGroup;
			children = (
			);
			path = Repository;
			sourceTree = "<group>";
		};
		D5EF5A2C285229830079F91B /* Network */ = {
			isa = PBXGroup;
			children = (
			);
			path = Network;
			sourceTree = "<group>";
		};
/* End PBXGroup section */

/* Begin PBXNativeTarget section */
		D5EF5A00285223950079F91B /* spotty */ = {
			isa = PBXNativeTarget;
			buildConfigurationList = D5EF5A15285223980079F91B /* Build configuration list for PBXNativeTarget "spotty" */;
			buildPhases = (
				D5EF59FD285223950079F91B /* Sources */,
				D5EF59FE285223950079F91B /* Frameworks */,
				D5EF59FF285223950079F91B /* Resources */,
			);
			buildRules = (
			);
			dependencies = (
			);
			name = spotty;
			productName = spotty;
			productReference = D5EF5A01285223950079F91B /* spotty.app */;
			productType = "com.apple.product-type.application";
		};
/* End PBXNativeTarget section */

/* Begin PBXProject section */
		D5EF59F9285223950079F91B /* Project object */ = {
			isa = PBXProject;
			attributes = {
				BuildIndependentTargetsInParallel = 1;
				LastSwiftUpdateCheck = 1330;
				LastUpgradeCheck = 1330;
				TargetAttributes = {
					D5EF5A00285223950079F91B = {
						CreatedOnToolsVersion = 13.3;
					};
				};
			};
			buildConfigurationList = D5EF59FC285223950079F91B /* Build configuration list for PBXProject "spotty" */;
			compatibilityVersion = "Xcode 13.0";
			developmentRegion = en;
			hasScannedForEncodings = 0;
			knownRegions = (
				en,
				Base,
			);
			mainGroup = D5EF59F8285223950079F91B;
			productRefGroup = D5EF5A02285223950079F91B /* Products */;
			projectDirPath = "";
			projectRoot = "";
			targets = (
				D5EF5A00285223950079F91B /* spotty */,
			);
		};
/* End PBXProject section */

/* Begin PBXResourcesBuildPhase section */
		D5EF59FF285223950079F91B /* Resources */ = {
			isa = PBXResourcesBuildPhase;
			buildActionMask = 2147483647;
			files = (
				D5EF5A11285223980079F91B /* LaunchScreen.storyboard in Resources */,
				D5EF5A0E285223980079F91B /* Assets.xcassets in Resources */,
			);
			runOnlyForDeploymentPostprocessing = 0;
		};
/* End PBXResourcesBuildPhase section */

/* Begin PBXSourcesBuildPhase section */
		D5EF59FD285223950079F91B /* Sources */ = {
			isa = PBXSourcesBuildPhase;
			buildActionMask = 2147483647;
			files = (
				D5EF5A2E28522BCC0079F91B /* MusicViewController.swift in Sources */,
				D5EF5A3028522BDA0079F91B /* ShowsViewController.swift in Sources */,
				D5EF5A3228522BE40079F91B /* PlaylistViewController.swift in Sources */,
				D5EF5A09285223960079F91B /* TabBarViewController.swift in Sources */,
				D5EF5A05285223950079F91B /* AppDelegate.swift in Sources */,
				D5EF5A07285223960079F91B /* SceneDelegate.swift in Sources */,
			);
			runOnlyForDeploymentPostprocessing = 0;
		};
/* End PBXSourcesBuildPhase section */

/* Begin PBXVariantGroup section */
		D5EF5A0F285223980079F91B /* LaunchScreen.storyboard */ = {
			isa = PBXVariantGroup;
			children = (
				D5EF5A10285223980079F91B /* Base */,
			);
			name = LaunchScreen.storyboard;
			sourceTree = "<group>";
		};
/* End PBXVariantGroup section */

/* Begin XCBuildConfiguration section */
		D5EF5A13285223980079F91B /* Debug */ = {
			isa = XCBuildConfiguration;
			buildSettings = {
				ALWAYS_SEARCH_USER_PATHS = NO;
				CLANG_ANALYZER_NONNULL = YES;
				CLANG_ANALYZER_NUMBER_OBJECT_CONVERSION = YES_AGGRESSIVE;
				CLANG_CXX_LANGUAGE_STANDARD = "gnu++17";
				CLANG_ENABLE_MODULES = YES;
				CLANG_ENABLE_OBJC_ARC = YES;
				CLANG_ENABLE_OBJC_WEAK = YES;
				CLANG_WARN_BLOCK_CAPTURE_AUTORELEASING = YES;
				CLANG_WARN_BOOL_CONVERSION = YES;
				CLANG_WARN_COMMA = YES;
				CLANG_WARN_CONSTANT_CONVERSION = YES;
				CLANG_WARN_DEPRECATED_OBJC_IMPLEMENTATIONS = YES;
				CLANG_WARN_DIRECT_OBJC_ISA_USAGE = YES_ERROR;
				CLANG_WARN_DOCUMENTATION_COMMENTS = YES;
				CLANG_WARN_EMPTY_BODY = YES;
				CLANG_WARN_ENUM_CONVERSION = YES;
				CLANG_WARN_INFINITE_RECURSION = YES;
				CLANG_WARN_INT_CONVERSION = YES;
				CLANG_WARN_NON_LITERAL_NULL_CONVERSION = YES;
				CLANG_WARN_OBJC_IMPLICIT_RETAIN_SELF = YES;
				CLANG_WARN_OBJC_LITERAL_CONVERSION = YES;
				CLANG_WARN_OBJC_ROOT_CLASS = YES_ERROR;
				CLANG_WARN_QUOTED_INCLUDE_IN_FRAMEWORK_HEADER = YES;
				CLANG_WARN_RANGE_LOOP_ANALYSIS = YES;
				CLANG_WARN_STRICT_PROTOTYPES = YES;
				CLANG_WARN_SUSPICIOUS_MOVE = YES;
				CLANG_WARN_UNGUARDED_AVAILABILITY = YES_AGGRESSIVE;
				CLANG_WARN_UNREACHABLE_CODE = YES;
				CLANG_WARN__DUPLICATE_METHOD_MATCH = YES;
				COPY_PHASE_STRIP = NO;
				DEBUG_INFORMATION_FORMAT = dwarf;
				ENABLE_STRICT_OBJC_MSGSEND = YES;
				ENABLE_TESTABILITY = YES;
				GCC_C_LANGUAGE_STANDARD = gnu11;
				GCC_DYNAMIC_NO_PIC = NO;
				GCC_NO_COMMON_BLOCKS = YES;
				GCC_OPTIMIZATION_LEVEL = 0;
				GCC_PREPROCESSOR_DEFINITIONS = (
					"DEBUG=1",
					"$(inherited)",
				);
				GCC_WARN_64_TO_32_BIT_CONVERSION = YES;
				GCC_WARN_ABOUT_RETURN_TYPE = YES_ERROR;
				GCC_WARN_UNDECLARED_SELECTOR = YES;
				GCC_WARN_UNINITIALIZED_AUTOS = YES_AGGRESSIVE;
				GCC_WARN_UNUSED_FUNCTION = YES;
				GCC_WARN_UNUSED_VARIABLE = YES;
				IPHONEOS_DEPLOYMENT_TARGET = 15.4;
				MTL_ENABLE_DEBUG_INFO = INCLUDE_SOURCE;
				MTL_FAST_MATH = YES;
				ONLY_ACTIVE_ARCH = YES;
				SDKROOT = iphoneos;
				SWIFT_ACTIVE_COMPILATION_CONDITIONS = DEBUG;
				SWIFT_OPTIMIZATION_LEVEL = "-Onone";
			};
			name = Debug;
		};
		D5EF5A14285223980079F91B /* Release */ = {
			isa = XCBuildConfiguration;
			buildSettings = {
				ALWAYS_SEARCH_USER_PATHS = NO;
				CLANG_ANALYZER_NONNULL = YES;
				CLANG_ANALYZER_NUMBER_OBJECT_CONVERSION = YES_AGGRESSIVE;
				CLANG_CXX_LANGUAGE_STANDARD = "gnu++17";
				CLANG_ENABLE_MODULES = YES;
				CLANG_ENABLE_OBJC_ARC = YES;
				CLANG_ENABLE_OBJC_WEAK = YES;
				CLANG_WARN_BLOCK_CAPTURE_AUTORELEASING = YES;
				CLANG_WARN_BOOL_CONVERSION = YES;
				CLANG_WARN_COMMA = YES;
				CLANG_WARN_CONSTANT_CONVERSION = YES;
				CLANG_WARN_DEPRECATED_OBJC_IMPLEMENTATIONS = YES;
				CLANG_WARN_DIRECT_OBJC_ISA_USAGE = YES_ERROR;
				CLANG_WARN_DOCUMENTATION_COMMENTS = YES;
				CLANG_WARN_EMPTY_BODY = YES;
				CLANG_WARN_ENUM_CONVERSION = YES;
				CLANG_WARN_INFINITE_RECURSION = YES;
				CLANG_WARN_INT_CONVERSION = YES;
				CLANG_WARN_NON_LITERAL_NULL_CONVERSION = YES;
				CLANG_WARN_OBJC_IMPLICIT_RETAIN_SELF = YES;
				CLANG_WARN_OBJC_LITERAL_CONVERSION = YES;
				CLANG_WARN_OBJC_ROOT_CLASS = YES_ERROR;
				CLANG_WARN_QUOTED_INCLUDE_IN_FRAMEWORK_HEADER = YES;
				CLANG_WARN_RANGE_LOOP_ANALYSIS = YES;
				CLANG_WARN_STRICT_PROTOTYPES = YES;
				CLANG_WARN_SUSPICIOUS_MOVE = YES;
				CLANG_WARN_UNGUARDED_AVAILABILITY = YES_AGGRESSIVE;
				CLANG_WARN_UNREACHABLE_CODE = YES;
				CLANG_WARN__DUPLICATE_METHOD_MATCH = YES;
				COPY_PHASE_STRIP = NO;
				DEBUG_INFORMATION_FORMAT = "dwarf-with-dsym";
				ENABLE_NS_ASSERTIONS = NO;
				ENABLE_STRICT_OBJC_MSGSEND = YES;
				GCC_C_LANGUAGE_STANDARD = gnu11;
				GCC_NO_COMMON_BLOCKS = YES;
				GCC_WARN_64_TO_32_BIT_CONVERSION = YES;
				GCC_WARN_ABOUT_RETURN_TYPE = YES_ERROR;
				GCC_WARN_UNDECLARED_SELECTOR = YES;
				GCC_WARN_UNINITIALIZED_AUTOS = YES_AGGRESSIVE;
				GCC_WARN_UNUSED_FUNCTION = YES;
				GCC_WARN_UNUSED_VARIABLE = YES;
				IPHONEOS_DEPLOYMENT_TARGET = 15.4;
				MTL_ENABLE_DEBUG_INFO = NO;
				MTL_FAST_MATH = YES;
				SDKROOT = iphoneos;
				SWIFT_COMPILATION_MODE = wholemodule;
				SWIFT_OPTIMIZATION_LEVEL = "-O";
				VALIDATE_PRODUCT = YES;
			};
			name = Release;
		};
		D5EF5A16285223980079F91B /* Debug */ = {
			isa = XCBuildConfiguration;
			buildSettings = {
				ASSETCATALOG_COMPILER_APPICON_NAME = AppIcon;
				ASSETCATALOG_COMPILER_GLOBAL_ACCENT_COLOR_NAME = AccentColor;
				CODE_SIGN_STYLE = Automatic;
				CURRENT_PROJECT_VERSION = 1;
				DEVELOPMENT_TEAM = YL3J84P643;
				GENERATE_INFOPLIST_FILE = YES;
				INFOPLIST_FILE = spotty/Resources/Info.plist;
				INFOPLIST_KEY_UIApplicationSupportsIndirectInputEvents = YES;
				INFOPLIST_KEY_UILaunchStoryboardName = LaunchScreen;
				INFOPLIST_KEY_UISupportedInterfaceOrientations = UIInterfaceOrientationPortrait;
				INFOPLIST_KEY_UISupportedInterfaceOrientations_iPad = "UIInterfaceOrientationPortrait UIInterfaceOrientationPortraitUpsideDown UIInterfaceOrientationLandscapeLeft UIInterfaceOrientationLandscapeRight";
				INFOPLIST_KEY_UISupportedInterfaceOrientations_iPhone = "UIInterfaceOrientationPortrait UIInterfaceOrientationLandscapeLeft UIInterfaceOrientationLandscapeRight";
				LD_RUNPATH_SEARCH_PATHS = (
					"$(inherited)",
					"@executable_path/Frameworks",
				);
				MARKETING_VERSION = 1.0;
				PRODUCT_BUNDLE_IDENTIFIER = com.ivaylo.spotty;
				PRODUCT_NAME = "$(TARGET_NAME)";
				SWIFT_EMIT_LOC_STRINGS = YES;
				SWIFT_VERSION = 5.0;
				TARGETED_DEVICE_FAMILY = "1,2";
			};
			name = Debug;
		};
		D5EF5A17285223980079F91B /* Release */ = {
			isa = XCBuildConfiguration;
			buildSettings = {
				ASSETCATALOG_COMPILER_APPICON_NAME = AppIcon;
				ASSETCATALOG_COMPILER_GLOBAL_ACCENT_COLOR_NAME = AccentColor;
				CODE_SIGN_STYLE = Automatic;
				CURRENT_PROJECT_VERSION = 1;
				DEVELOPMENT_TEAM = YL3J84P643;
				GENERATE_INFOPLIST_FILE = YES;
				INFOPLIST_FILE = spotty/Resources/Info.plist;
				INFOPLIST_KEY_UIApplicationSupportsIndirectInputEvents = YES;
				INFOPLIST_KEY_UILaunchStoryboardName = LaunchScreen;
				INFOPLIST_KEY_UISupportedInterfaceOrientations = UIInterfaceOrientationPortrait;
				INFOPLIST_KEY_UISupportedInterfaceOrientations_iPad = "UIInterfaceOrientationPortrait UIInterfaceOrientationPortraitUpsideDown UIInterfaceOrientationLandscapeLeft UIInterfaceOrientationLandscapeRight";
				INFOPLIST_KEY_UISupportedInterfaceOrientations_iPhone = "UIInterfaceOrientationPortrait UIInterfaceOrientationLandscapeLeft UIInterfaceOrientationLandscapeRight";
				LD_RUNPATH_SEARCH_PATHS = (
					"$(inherited)",
					"@executable_path/Frameworks",
				);
				MARKETING_VERSION = 1.0;
				PRODUCT_BUNDLE_IDENTIFIER = com.ivaylo.spotty;
				PRODUCT_NAME = "$(TARGET_NAME)";
				SWIFT_EMIT_LOC_STRINGS = YES;
				SWIFT_VERSION = 5.0;
				TARGETED_DEVICE_FAMILY = "1,2";
			};
			name = Release;
		};
/* End XCBuildConfiguration section */

/* Begin XCConfigurationList section */
		D5EF59FC285223950079F91B /* Build configuration list for PBXProject "spotty" */ = {
			isa = XCConfigurationList;
			buildConfigurations = (
				D5EF5A13285223980079F91B /* Debug */,
				D5EF5A14285223980079F91B /* Release */,
			);
			defaultConfigurationIsVisible = 0;
			defaultConfigurationName = Release;
		};
		D5EF5A15285223980079F91B /* Build configuration list for PBXNativeTarget "spotty" */ = {
			isa = XCConfigurationList;
			buildConfigurations = (
				D5EF5A16285223980079F91B /* Debug */,
				D5EF5A17285223980079F91B /* Release */,
			);
			defaultConfigurationIsVisible = 0;
			defaultConfigurationName = Release;
		};
/* End XCConfigurationList section */
	};
	rootObject = D5EF59F9285223950079F91B /* Project object */;
}
