// !$*UTF8*$!
{
	archiveVersion = 1;
	classes = {
	};
	objectVersion = 55;
	objects = {

/* Begin PBXBuildFile section */
		B83B80D8E83D80822EEE25D2 /* Pods_spotty.framework in Frameworks */ = {isa = PBXBuildFile; fileRef = 6AEEA5F8DC257E8632CE4806 /* Pods_spotty.framework */; };
		D5136E992859E4D600765AC1 /* AudioTrackWrapper.swift in Sources */ = {isa = PBXBuildFile; fileRef = D5136E982859E4D600765AC1 /* AudioTrackWrapper.swift */; };
		D5136E9B2859F6E100765AC1 /* EpisodeWrapper.swift in Sources */ = {isa = PBXBuildFile; fileRef = D5136E9A2859F6E100765AC1 /* EpisodeWrapper.swift */; };
		D5136E9D2859F8F700765AC1 /* ShowWrapper.swift in Sources */ = {isa = PBXBuildFile; fileRef = D5136E9C2859F8F700765AC1 /* ShowWrapper.swift */; };
		D5136E9F2859FC6300765AC1 /* FeaturedPlaylistsResponse.swift in Sources */ = {isa = PBXBuildFile; fileRef = D5136E9E2859FC6300765AC1 /* FeaturedPlaylistsResponse.swift */; };
		D5136EA1285A017300765AC1 /* AudioTracksWrapper.swift in Sources */ = {isa = PBXBuildFile; fileRef = D5136EA0285A017300765AC1 /* AudioTracksWrapper.swift */; };
		D5136EA3285A0FB300765AC1 /* CreatePlaylistRequest.swift in Sources */ = {isa = PBXBuildFile; fileRef = D5136EA2285A0FB300765AC1 /* CreatePlaylistRequest.swift */; };
		D5136EA5285A176100765AC1 /* RemoveTrackRequest.swift in Sources */ = {isa = PBXBuildFile; fileRef = D5136EA4285A176100765AC1 /* RemoveTrackRequest.swift */; };
		D5136EA7285A194F00765AC1 /* PlaylistChangedResponse.swift in Sources */ = {isa = PBXBuildFile; fileRef = D5136EA6285A194F00765AC1 /* PlaylistChangedResponse.swift */; };
		D51D782B2858A1B700EED4F9 /* RemoveAudioTrackFromPlaylistRequest.swift in Sources */ = {isa = PBXBuildFile; fileRef = D51D782A2858A1B700EED4F9 /* RemoveAudioTrackFromPlaylistRequest.swift */; };
		D51D78372858BB1400EED4F9 /* ImageResponse.swift in Sources */ = {isa = PBXBuildFile; fileRef = D51D78362858BB1400EED4F9 /* ImageResponse.swift */; };
		D51D78392858C38500EED4F9 /* ItemsResponse.swift in Sources */ = {isa = PBXBuildFile; fileRef = D51D78382858C38500EED4F9 /* ItemsResponse.swift */; };
		D51D783C2858C46500EED4F9 /* AudioTrack.swift in Sources */ = {isa = PBXBuildFile; fileRef = D51D783B2858C46500EED4F9 /* AudioTrack.swift */; };
		D51D783E2858C48E00EED4F9 /* Album.swift in Sources */ = {isa = PBXBuildFile; fileRef = D51D783D2858C48E00EED4F9 /* Album.swift */; };
		D51D78402858C4AD00EED4F9 /* Playlist.swift in Sources */ = {isa = PBXBuildFile; fileRef = D51D783F2858C4AD00EED4F9 /* Playlist.swift */; };
		D51D78422858C4BB00EED4F9 /* Episode.swift in Sources */ = {isa = PBXBuildFile; fileRef = D51D78412858C4BB00EED4F9 /* Episode.swift */; };
		D51D78442858C4CD00EED4F9 /* Show.swift in Sources */ = {isa = PBXBuildFile; fileRef = D51D78432858C4CD00EED4F9 /* Show.swift */; };
		D51D78462858C4DA00EED4F9 /* Artist.swift in Sources */ = {isa = PBXBuildFile; fileRef = D51D78452858C4DA00EED4F9 /* Artist.swift */; };
		D51D78492858C89900EED4F9 /* AlbumImagesWrapper.swift in Sources */ = {isa = PBXBuildFile; fileRef = D51D78482858C89900EED4F9 /* AlbumImagesWrapper.swift */; };
		D53E293728619EA9003E1BEB /* ShowsViewModel.swift in Sources */ = {isa = PBXBuildFile; fileRef = D53E293628619EA9003E1BEB /* ShowsViewModel.swift */; };
		D53E29392861CFFA003E1BEB /* PlaylistViewModel.swift in Sources */ = {isa = PBXBuildFile; fileRef = D53E29382861CFF9003E1BEB /* PlaylistViewModel.swift */; };
		D53E293D2861D2A9003E1BEB /* TableLargeCell.swift in Sources */ = {isa = PBXBuildFile; fileRef = D53E293C2861D2A9003E1BEB /* TableLargeCell.swift */; };
		D5496DF228631DEF004A30A3 /* UIColor+appColors.swift in Sources */ = {isa = PBXBuildFile; fileRef = D5496DF128631DEF004A30A3 /* UIColor+appColors.swift */; };
		D5496DF428632D21004A30A3 /* DetailListViewController.swift in Sources */ = {isa = PBXBuildFile; fileRef = D5496DF328632D21004A30A3 /* DetailListViewController.swift */; };
		D5496DF628632D2F004A30A3 /* PlaylistDetailViewModel.swift in Sources */ = {isa = PBXBuildFile; fileRef = D5496DF528632D2F004A30A3 /* PlaylistDetailViewModel.swift */; };
		D5496DF8286340CC004A30A3 /* TableMediumCell.swift in Sources */ = {isa = PBXBuildFile; fileRef = D5496DF7286340CC004A30A3 /* TableMediumCell.swift */; };
		D54CD56B2860704F001DFEBC /* ImageStyle.swift in Sources */ = {isa = PBXBuildFile; fileRef = D54CD56A2860704F001DFEBC /* ImageStyle.swift */; };
		D54CD56D28607059001DFEBC /* LabelStyle.swift in Sources */ = {isa = PBXBuildFile; fileRef = D54CD56C28607059001DFEBC /* LabelStyle.swift */; };
		D54CD56F286072C1001DFEBC /* UILabel+setStyle.swift in Sources */ = {isa = PBXBuildFile; fileRef = D54CD56E286072C1001DFEBC /* UILabel+setStyle.swift */; };
		D54CD57128607D94001DFEBC /* UIImageView+setStyle.swift in Sources */ = {isa = PBXBuildFile; fileRef = D54CD57028607D94001DFEBC /* UIImageView+setStyle.swift */; };
		D54CD5732860814E001DFEBC /* Seperator.swift in Sources */ = {isa = PBXBuildFile; fileRef = D54CD5722860814E001DFEBC /* Seperator.swift */; };
		D54CD57628608417001DFEBC /* LayoutAnchor.swift in Sources */ = {isa = PBXBuildFile; fileRef = D54CD57528608417001DFEBC /* LayoutAnchor.swift */; };
		D54CD57828608491001DFEBC /* UIView+Constraints.swift in Sources */ = {isa = PBXBuildFile; fileRef = D54CD57728608491001DFEBC /* UIView+Constraints.swift */; };
		D54CD57A286084BB001DFEBC /* NSLayoutConstraint+convenienceInit.swift in Sources */ = {isa = PBXBuildFile; fileRef = D54CD579286084BB001DFEBC /* NSLayoutConstraint+convenienceInit.swift */; };
		D54CD58428608E87001DFEBC /* NSCollectionLayoutSection+customSections.swift in Sources */ = {isa = PBXBuildFile; fileRef = D54CD58328608E87001DFEBC /* NSCollectionLayoutSection+customSections.swift */; };
		D54CD58628608EB1001DFEBC /* NSCollectionLayoutBoundarySupplementaryItem+createSectionHeader.swift in Sources */ = {isa = PBXBuildFile; fileRef = D54CD58528608EB1001DFEBC /* NSCollectionLayoutBoundarySupplementaryItem+createSectionHeader.swift */; };
		D54CD5892860B9DE001DFEBC /* UICollectionView+register.swift in Sources */ = {isa = PBXBuildFile; fileRef = D54CD5882860B9DE001DFEBC /* UICollectionView+register.swift */; };
		D54CD58B2860BA0F001DFEBC /* SelfConfiguringCell.swift in Sources */ = {isa = PBXBuildFile; fileRef = D54CD58A2860BA0F001DFEBC /* SelfConfiguringCell.swift */; };
		D54CD58D2860BA4A001DFEBC /* BusinessModel.swift in Sources */ = {isa = PBXBuildFile; fileRef = D54CD58C2860BA4A001DFEBC /* BusinessModel.swift */; };
		D55AA3FC285B622600F95F73 /* Observable.swift in Sources */ = {isa = PBXBuildFile; fileRef = D55AA3FB285B622600F95F73 /* Observable.swift */; };
		D55AA3FE285B65D900F95F73 /* UIImageView+loadFromURL.swift in Sources */ = {isa = PBXBuildFile; fileRef = D55AA3FD285B65D900F95F73 /* UIImageView+loadFromURL.swift */; };
		D55AA402285B79C100F95F73 /* MusicViewModel.swift in Sources */ = {isa = PBXBuildFile; fileRef = D55AA401285B79C100F95F73 /* MusicViewModel.swift */; };
		D574DA00285B2810007F808E /* CollectionMediumCell.swift in Sources */ = {isa = PBXBuildFile; fileRef = D574D9FE285B2810007F808E /* CollectionMediumCell.swift */; };
		D5C92D092857300700EFA9FB /* WebRepository.swift in Sources */ = {isa = PBXBuildFile; fileRef = D5C92D082857300700EFA9FB /* WebRepository.swift */; };
		D5C92D0B2857303300EFA9FB /* UserProfile.swift in Sources */ = {isa = PBXBuildFile; fileRef = D5C92D0A2857303300EFA9FB /* UserProfile.swift */; };
		D5D40BA6285CA8EA00480B04 /* CollectionLargeCell.swift in Sources */ = {isa = PBXBuildFile; fileRef = D5D40BA5285CA8EA00480B04 /* CollectionLargeCell.swift */; };
		D5D40BA8285CBBDB00480B04 /* SectionHeader.swift in Sources */ = {isa = PBXBuildFile; fileRef = D5D40BA7285CBBDB00480B04 /* SectionHeader.swift */; };
		D5EF5A05285223950079F91B /* AppDelegate.swift in Sources */ = {isa = PBXBuildFile; fileRef = D5EF5A04285223950079F91B /* AppDelegate.swift */; };
		D5EF5A07285223960079F91B /* SceneDelegate.swift in Sources */ = {isa = PBXBuildFile; fileRef = D5EF5A06285223960079F91B /* SceneDelegate.swift */; };
		D5EF5A09285223960079F91B /* TabBarViewController.swift in Sources */ = {isa = PBXBuildFile; fileRef = D5EF5A08285223960079F91B /* TabBarViewController.swift */; };
		D5EF5A0E285223980079F91B /* Assets.xcassets in Resources */ = {isa = PBXBuildFile; fileRef = D5EF5A0D285223980079F91B /* Assets.xcassets */; };
		D5EF5A11285223980079F91B /* LaunchScreen.storyboard in Resources */ = {isa = PBXBuildFile; fileRef = D5EF5A0F285223980079F91B /* LaunchScreen.storyboard */; };
		D5EF5A2E28522BCC0079F91B /* MusicViewController.swift in Sources */ = {isa = PBXBuildFile; fileRef = D5EF5A2D28522BCC0079F91B /* MusicViewController.swift */; };
		D5EF5A3028522BDA0079F91B /* ShowsViewController.swift in Sources */ = {isa = PBXBuildFile; fileRef = D5EF5A2F28522BDA0079F91B /* ShowsViewController.swift */; };
		D5EF5A3228522BE40079F91B /* PlaylistViewController.swift in Sources */ = {isa = PBXBuildFile; fileRef = D5EF5A3128522BE40079F91B /* PlaylistViewController.swift */; };
		D5EF5A3B285230350079F91B /* WelcomeViewController.swift in Sources */ = {isa = PBXBuildFile; fileRef = D5EF5A39285230350079F91B /* WelcomeViewController.swift */; };
		D5EF5A3C285230350079F91B /* WelcomeViewController.xib in Resources */ = {isa = PBXBuildFile; fileRef = D5EF5A3A285230350079F91B /* WelcomeViewController.xib */; };
		D5EF5A49285235A50079F91B /* UIButton+setStyle.swift in Sources */ = {isa = PBXBuildFile; fileRef = D5EF5A48285235A50079F91B /* UIButton+setStyle.swift */; };
		D5EF5A4B285235AF0079F91B /* ButtonStyle.swift in Sources */ = {isa = PBXBuildFile; fileRef = D5EF5A4A285235AF0079F91B /* ButtonStyle.swift */; };
		D5EF5A4F285238A70079F91B /* UIView+Animations.swift in Sources */ = {isa = PBXBuildFile; fileRef = D5EF5A4E285238A70079F91B /* UIView+Animations.swift */; };
		D5EF5A52285239A70079F91B /* AuthViewController.swift in Sources */ = {isa = PBXBuildFile; fileRef = D5EF5A50285239A70079F91B /* AuthViewController.swift */; };
		D5EF5A53285239A70079F91B /* AuthViewController.xib in Resources */ = {isa = PBXBuildFile; fileRef = D5EF5A51285239A70079F91B /* AuthViewController.xib */; };
		D5EF5A55285335810079F91B /* AuthManager.swift in Sources */ = {isa = PBXBuildFile; fileRef = D5EF5A54285335810079F91B /* AuthManager.swift */; };
		D5EF5A57285335FB0079F91B /* PKCEFlowProvider.swift in Sources */ = {isa = PBXBuildFile; fileRef = D5EF5A56285335FB0079F91B /* PKCEFlowProvider.swift */; };
		D5EF5A59285336110079F91B /* SpotifyEndpoint.swift in Sources */ = {isa = PBXBuildFile; fileRef = D5EF5A58285336110079F91B /* SpotifyEndpoint.swift */; };
		D5EF5A5B28533DEC0079F91B /* HTTPMethod.swift in Sources */ = {isa = PBXBuildFile; fileRef = D5EF5A5A28533DEC0079F91B /* HTTPMethod.swift */; };
		D5EF5A5D28533DFF0079F91B /* AppError.swift in Sources */ = {isa = PBXBuildFile; fileRef = D5EF5A5C28533DFF0079F91B /* AppError.swift */; };
		D5EF5A5F28533E300079F91B /* AuthResponse.swift in Sources */ = {isa = PBXBuildFile; fileRef = D5EF5A5E28533E300079F91B /* AuthResponse.swift */; };
		D5EF5A6128535B5B0079F91B /* Data+parseJSON.swift in Sources */ = {isa = PBXBuildFile; fileRef = D5EF5A6028535B5B0079F91B /* Data+parseJSON.swift */; };
		D5EF5A6428535B910079F91B /* Network.swift in Sources */ = {isa = PBXBuildFile; fileRef = D5EF5A6328535B910079F91B /* Network.swift */; };
		D5EF5A6628535C450079F91B /* SpotifyAuthProvider.swift in Sources */ = {isa = PBXBuildFile; fileRef = D5EF5A6528535C450079F91B /* SpotifyAuthProvider.swift */; };
		D5EF5A6B28536AB50079F91B /* OAuth2Supporting.swift in Sources */ = {isa = PBXBuildFile; fileRef = D5EF5A6A28536AB50079F91B /* OAuth2Supporting.swift */; };
		D5EF5A6D285379DE0079F91B /* KeychainManager.swift in Sources */ = {isa = PBXBuildFile; fileRef = D5EF5A6C285379DE0079F91B /* KeychainManager.swift */; };
		D5FC63C52865AB8B00718E3C /* DetailListViewModelProtocol.swift in Sources */ = {isa = PBXBuildFile; fileRef = D5FC63C42865AB8B00718E3C /* DetailListViewModelProtocol.swift */; };
		D5FC63C72865ABCC00718E3C /* ShowDetailViewModel.swift in Sources */ = {isa = PBXBuildFile; fileRef = D5FC63C62865ABCC00718E3C /* ShowDetailViewModel.swift */; };
		D5FC63CB2865B4D100718E3C /* DetailItemViewController.swift in Sources */ = {isa = PBXBuildFile; fileRef = D5FC63CA2865B4D100718E3C /* DetailItemViewController.swift */; };
		D5FC63CD2865B5DE00718E3C /* DetailItemViewModelProtocol.swift in Sources */ = {isa = PBXBuildFile; fileRef = D5FC63CC2865B5DE00718E3C /* DetailItemViewModelProtocol.swift */; };
		D5FC63CF2865B73D00718E3C /* AudioTrackDetailViewModel.swift in Sources */ = {isa = PBXBuildFile; fileRef = D5FC63CE2865B73D00718E3C /* AudioTrackDetailViewModel.swift */; };
		D5FC63D12865B74B00718E3C /* EpisodeDetailViewModel.swift in Sources */ = {isa = PBXBuildFile; fileRef = D5FC63D02865B74B00718E3C /* EpisodeDetailViewModel.swift */; };
		D5FC63D32865B75600718E3C /* ArtistDetailViewModel.swift in Sources */ = {isa = PBXBuildFile; fileRef = D5FC63D22865B75600718E3C /* ArtistDetailViewModel.swift */; };
		D5FC63D52865E2F600718E3C /* Constant.swift in Sources */ = {isa = PBXBuildFile; fileRef = D5FC63D42865E2F600718E3C /* Constant.swift */; };
		D5FC63D72865E4FF00718E3C /* UIImage+AppImages.swift in Sources */ = {isa = PBXBuildFile; fileRef = D5FC63D62865E4FF00718E3C /* UIImage+AppImages.swift */; };
		D5FC63D92865E77B00718E3C /* UINavigatioController+factory.swift in Sources */ = {isa = PBXBuildFile; fileRef = D5FC63D82865E77B00718E3C /* UINavigatioController+factory.swift */; };
		D5FC63DB2866076500718E3C /* UICollectionView+setStyle.swift in Sources */ = {isa = PBXBuildFile; fileRef = D5FC63DA2866076500718E3C /* UICollectionView+setStyle.swift */; };
		D5FC63DD2866077300718E3C /* CollectionViewStyle.swift in Sources */ = {isa = PBXBuildFile; fileRef = D5FC63DC2866077300718E3C /* CollectionViewStyle.swift */; };
		D5FC63DF286607E300718E3C /* UICollectionViewCompositionalLayout+configured.swift in Sources */ = {isa = PBXBuildFile; fileRef = D5FC63DE286607E300718E3C /* UICollectionViewCompositionalLayout+configured.swift */; };
		D5FC63E12869AC7A00718E3C /* UITableView+register.swift in Sources */ = {isa = PBXBuildFile; fileRef = D5FC63E02869AC7A00718E3C /* UITableView+register.swift */; };
		D5FC63E32869AD9E00718E3C /* String+createHTMLAttributedString.swift in Sources */ = {isa = PBXBuildFile; fileRef = D5FC63E22869AD9E00718E3C /* String+createHTMLAttributedString.swift */; };
		D5FC63E82869C90800718E3C /* UITableViewCell+reuseIdentifier.swift in Sources */ = {isa = PBXBuildFile; fileRef = D5FC63E72869C90800718E3C /* UITableViewCell+reuseIdentifier.swift */; };
		D5FC63EA2869C92900718E3C /* UICollectionViewCell+reuseIdentifier.swift in Sources */ = {isa = PBXBuildFile; fileRef = D5FC63E92869C92900718E3C /* UICollectionViewCell+reuseIdentifier.swift */; };
		D5FC63EC2869C96300718E3C /* UICollectionReusableView+reuseIdentifier.swift in Sources */ = {isa = PBXBuildFile; fileRef = D5FC63EB2869C96300718E3C /* UICollectionReusableView+reuseIdentifier.swift */; };
		D5FC63EE2869DA5B00718E3C /* Sequence+uniqued.swift in Sources */ = {isa = PBXBuildFile; fileRef = D5FC63ED2869DA5B00718E3C /* Sequence+uniqued.swift */; };
/* End PBXBuildFile section */

/* Begin PBXFileReference section */
		6AEEA5F8DC257E8632CE4806 /* Pods_spotty.framework */ = {isa = PBXFileReference; explicitFileType = wrapper.framework; includeInIndex = 0; path = Pods_spotty.framework; sourceTree = BUILT_PRODUCTS_DIR; };
		733A4BC3C42E55175156C59F /* Pods-spotty.release.xcconfig */ = {isa = PBXFileReference; includeInIndex = 1; lastKnownFileType = text.xcconfig; name = "Pods-spotty.release.xcconfig"; path = "Target Support Files/Pods-spotty/Pods-spotty.release.xcconfig"; sourceTree = "<group>"; };
		C077F220CFA67725098DD5FD /* Pods-spotty.debug.xcconfig */ = {isa = PBXFileReference; includeInIndex = 1; lastKnownFileType = text.xcconfig; name = "Pods-spotty.debug.xcconfig"; path = "Target Support Files/Pods-spotty/Pods-spotty.debug.xcconfig"; sourceTree = "<group>"; };
		D5136E982859E4D600765AC1 /* AudioTrackWrapper.swift */ = {isa = PBXFileReference; lastKnownFileType = sourcecode.swift; path = AudioTrackWrapper.swift; sourceTree = "<group>"; };
		D5136E9A2859F6E100765AC1 /* EpisodeWrapper.swift */ = {isa = PBXFileReference; lastKnownFileType = sourcecode.swift; path = EpisodeWrapper.swift; sourceTree = "<group>"; };
		D5136E9C2859F8F700765AC1 /* ShowWrapper.swift */ = {isa = PBXFileReference; lastKnownFileType = sourcecode.swift; path = ShowWrapper.swift; sourceTree = "<group>"; };
		D5136E9E2859FC6300765AC1 /* FeaturedPlaylistsResponse.swift */ = {isa = PBXFileReference; lastKnownFileType = sourcecode.swift; path = FeaturedPlaylistsResponse.swift; sourceTree = "<group>"; };
		D5136EA0285A017300765AC1 /* AudioTracksWrapper.swift */ = {isa = PBXFileReference; lastKnownFileType = sourcecode.swift; path = AudioTracksWrapper.swift; sourceTree = "<group>"; };
		D5136EA2285A0FB300765AC1 /* CreatePlaylistRequest.swift */ = {isa = PBXFileReference; lastKnownFileType = sourcecode.swift; path = CreatePlaylistRequest.swift; sourceTree = "<group>"; };
		D5136EA4285A176100765AC1 /* RemoveTrackRequest.swift */ = {isa = PBXFileReference; lastKnownFileType = sourcecode.swift; path = RemoveTrackRequest.swift; sourceTree = "<group>"; };
		D5136EA6285A194F00765AC1 /* PlaylistChangedResponse.swift */ = {isa = PBXFileReference; lastKnownFileType = sourcecode.swift; path = PlaylistChangedResponse.swift; sourceTree = "<group>"; };
		D51D782A2858A1B700EED4F9 /* RemoveAudioTrackFromPlaylistRequest.swift */ = {isa = PBXFileReference; lastKnownFileType = sourcecode.swift; path = RemoveAudioTrackFromPlaylistRequest.swift; sourceTree = "<group>"; };
		D51D78362858BB1400EED4F9 /* ImageResponse.swift */ = {isa = PBXFileReference; lastKnownFileType = sourcecode.swift; path = ImageResponse.swift; sourceTree = "<group>"; };
		D51D78382858C38500EED4F9 /* ItemsResponse.swift */ = {isa = PBXFileReference; lastKnownFileType = sourcecode.swift; path = ItemsResponse.swift; sourceTree = "<group>"; };
		D51D783B2858C46500EED4F9 /* AudioTrack.swift */ = {isa = PBXFileReference; lastKnownFileType = sourcecode.swift; path = AudioTrack.swift; sourceTree = "<group>"; };
		D51D783D2858C48E00EED4F9 /* Album.swift */ = {isa = PBXFileReference; lastKnownFileType = sourcecode.swift; path = Album.swift; sourceTree = "<group>"; };
		D51D783F2858C4AD00EED4F9 /* Playlist.swift */ = {isa = PBXFileReference; lastKnownFileType = sourcecode.swift; path = Playlist.swift; sourceTree = "<group>"; };
		D51D78412858C4BB00EED4F9 /* Episode.swift */ = {isa = PBXFileReference; lastKnownFileType = sourcecode.swift; path = Episode.swift; sourceTree = "<group>"; };
		D51D78432858C4CD00EED4F9 /* Show.swift */ = {isa = PBXFileReference; lastKnownFileType = sourcecode.swift; path = Show.swift; sourceTree = "<group>"; };
		D51D78452858C4DA00EED4F9 /* Artist.swift */ = {isa = PBXFileReference; lastKnownFileType = sourcecode.swift; path = Artist.swift; sourceTree = "<group>"; };
		D51D78482858C89900EED4F9 /* AlbumImagesWrapper.swift */ = {isa = PBXFileReference; lastKnownFileType = sourcecode.swift; path = AlbumImagesWrapper.swift; sourceTree = "<group>"; };
		D53E293628619EA9003E1BEB /* ShowsViewModel.swift */ = {isa = PBXFileReference; lastKnownFileType = sourcecode.swift; path = ShowsViewModel.swift; sourceTree = "<group>"; };
		D53E29382861CFF9003E1BEB /* PlaylistViewModel.swift */ = {isa = PBXFileReference; lastKnownFileType = sourcecode.swift; path = PlaylistViewModel.swift; sourceTree = "<group>"; };
		D53E293C2861D2A9003E1BEB /* TableLargeCell.swift */ = {isa = PBXFileReference; lastKnownFileType = sourcecode.swift; path = TableLargeCell.swift; sourceTree = "<group>"; };
		D5496DF128631DEF004A30A3 /* UIColor+appColors.swift */ = {isa = PBXFileReference; lastKnownFileType = sourcecode.swift; path = "UIColor+appColors.swift"; sourceTree = "<group>"; };
		D5496DF328632D21004A30A3 /* DetailListViewController.swift */ = {isa = PBXFileReference; lastKnownFileType = sourcecode.swift; path = DetailListViewController.swift; sourceTree = "<group>"; };
		D5496DF528632D2F004A30A3 /* PlaylistDetailViewModel.swift */ = {isa = PBXFileReference; lastKnownFileType = sourcecode.swift; path = PlaylistDetailViewModel.swift; sourceTree = "<group>"; };
		D5496DF7286340CC004A30A3 /* TableMediumCell.swift */ = {isa = PBXFileReference; lastKnownFileType = sourcecode.swift; path = TableMediumCell.swift; sourceTree = "<group>"; };
		D54CD56A2860704F001DFEBC /* ImageStyle.swift */ = {isa = PBXFileReference; lastKnownFileType = sourcecode.swift; path = ImageStyle.swift; sourceTree = "<group>"; };
		D54CD56C28607059001DFEBC /* LabelStyle.swift */ = {isa = PBXFileReference; lastKnownFileType = sourcecode.swift; path = LabelStyle.swift; sourceTree = "<group>"; };
		D54CD56E286072C1001DFEBC /* UILabel+setStyle.swift */ = {isa = PBXFileReference; lastKnownFileType = sourcecode.swift; path = "UILabel+setStyle.swift"; sourceTree = "<group>"; };
		D54CD57028607D94001DFEBC /* UIImageView+setStyle.swift */ = {isa = PBXFileReference; lastKnownFileType = sourcecode.swift; path = "UIImageView+setStyle.swift"; sourceTree = "<group>"; };
		D54CD5722860814E001DFEBC /* Seperator.swift */ = {isa = PBXFileReference; lastKnownFileType = sourcecode.swift; path = Seperator.swift; sourceTree = "<group>"; };
		D54CD57528608417001DFEBC /* LayoutAnchor.swift */ = {isa = PBXFileReference; lastKnownFileType = sourcecode.swift; path = LayoutAnchor.swift; sourceTree = "<group>"; };
		D54CD57728608491001DFEBC /* UIView+Constraints.swift */ = {isa = PBXFileReference; lastKnownFileType = sourcecode.swift; path = "UIView+Constraints.swift"; sourceTree = "<group>"; };
		D54CD579286084BB001DFEBC /* NSLayoutConstraint+convenienceInit.swift */ = {isa = PBXFileReference; lastKnownFileType = sourcecode.swift; path = "NSLayoutConstraint+convenienceInit.swift"; sourceTree = "<group>"; };
		D54CD58328608E87001DFEBC /* NSCollectionLayoutSection+customSections.swift */ = {isa = PBXFileReference; lastKnownFileType = sourcecode.swift; path = "NSCollectionLayoutSection+customSections.swift"; sourceTree = "<group>"; };
		D54CD58528608EB1001DFEBC /* NSCollectionLayoutBoundarySupplementaryItem+createSectionHeader.swift */ = {isa = PBXFileReference; lastKnownFileType = sourcecode.swift; path = "NSCollectionLayoutBoundarySupplementaryItem+createSectionHeader.swift"; sourceTree = "<group>"; };
		D54CD5882860B9DE001DFEBC /* UICollectionView+register.swift */ = {isa = PBXFileReference; lastKnownFileType = sourcecode.swift; path = "UICollectionView+register.swift"; sourceTree = "<group>"; };
		D54CD58A2860BA0F001DFEBC /* SelfConfiguringCell.swift */ = {isa = PBXFileReference; lastKnownFileType = sourcecode.swift; path = SelfConfiguringCell.swift; sourceTree = "<group>"; };
		D54CD58C2860BA4A001DFEBC /* BusinessModel.swift */ = {isa = PBXFileReference; lastKnownFileType = sourcecode.swift; path = BusinessModel.swift; sourceTree = "<group>"; };
		D55AA3FB285B622600F95F73 /* Observable.swift */ = {isa = PBXFileReference; lastKnownFileType = sourcecode.swift; path = Observable.swift; sourceTree = "<group>"; };
		D55AA3FD285B65D900F95F73 /* UIImageView+loadFromURL.swift */ = {isa = PBXFileReference; lastKnownFileType = sourcecode.swift; path = "UIImageView+loadFromURL.swift"; sourceTree = "<group>"; };
		D55AA401285B79C100F95F73 /* MusicViewModel.swift */ = {isa = PBXFileReference; lastKnownFileType = sourcecode.swift; path = MusicViewModel.swift; sourceTree = "<group>"; };
		D574D9FE285B2810007F808E /* CollectionMediumCell.swift */ = {isa = PBXFileReference; lastKnownFileType = sourcecode.swift; path = CollectionMediumCell.swift; sourceTree = "<group>"; };
		D5C92D082857300700EFA9FB /* WebRepository.swift */ = {isa = PBXFileReference; lastKnownFileType = sourcecode.swift; path = WebRepository.swift; sourceTree = "<group>"; };
		D5C92D0A2857303300EFA9FB /* UserProfile.swift */ = {isa = PBXFileReference; lastKnownFileType = sourcecode.swift; path = UserProfile.swift; sourceTree = "<group>"; };
		D5D40BA5285CA8EA00480B04 /* CollectionLargeCell.swift */ = {isa = PBXFileReference; lastKnownFileType = sourcecode.swift; path = CollectionLargeCell.swift; sourceTree = "<group>"; };
		D5D40BA7285CBBDB00480B04 /* SectionHeader.swift */ = {isa = PBXFileReference; fileEncoding = 4; lastKnownFileType = sourcecode.swift; path = SectionHeader.swift; sourceTree = "<group>"; };
		D5EF5A01285223950079F91B /* spotty.app */ = {isa = PBXFileReference; explicitFileType = wrapper.application; includeInIndex = 0; path = spotty.app; sourceTree = BUILT_PRODUCTS_DIR; };
		D5EF5A04285223950079F91B /* AppDelegate.swift */ = {isa = PBXFileReference; lastKnownFileType = sourcecode.swift; path = AppDelegate.swift; sourceTree = "<group>"; };
		D5EF5A06285223960079F91B /* SceneDelegate.swift */ = {isa = PBXFileReference; lastKnownFileType = sourcecode.swift; path = SceneDelegate.swift; sourceTree = "<group>"; };
		D5EF5A08285223960079F91B /* TabBarViewController.swift */ = {isa = PBXFileReference; lastKnownFileType = sourcecode.swift; path = TabBarViewController.swift; sourceTree = "<group>"; };
		D5EF5A0D285223980079F91B /* Assets.xcassets */ = {isa = PBXFileReference; lastKnownFileType = folder.assetcatalog; path = Assets.xcassets; sourceTree = "<group>"; };
		D5EF5A10285223980079F91B /* Base */ = {isa = PBXFileReference; lastKnownFileType = file.storyboard; name = Base; path = Base.lproj/LaunchScreen.storyboard; sourceTree = "<group>"; };
		D5EF5A12285223980079F91B /* Info.plist */ = {isa = PBXFileReference; lastKnownFileType = text.plist.xml; path = Info.plist; sourceTree = "<group>"; };
		D5EF5A2D28522BCC0079F91B /* MusicViewController.swift */ = {isa = PBXFileReference; lastKnownFileType = sourcecode.swift; path = MusicViewController.swift; sourceTree = "<group>"; };
		D5EF5A2F28522BDA0079F91B /* ShowsViewController.swift */ = {isa = PBXFileReference; lastKnownFileType = sourcecode.swift; path = ShowsViewController.swift; sourceTree = "<group>"; };
		D5EF5A3128522BE40079F91B /* PlaylistViewController.swift */ = {isa = PBXFileReference; lastKnownFileType = sourcecode.swift; path = PlaylistViewController.swift; sourceTree = "<group>"; };
		D5EF5A39285230350079F91B /* WelcomeViewController.swift */ = {isa = PBXFileReference; lastKnownFileType = sourcecode.swift; path = WelcomeViewController.swift; sourceTree = "<group>"; };
		D5EF5A3A285230350079F91B /* WelcomeViewController.xib */ = {isa = PBXFileReference; lastKnownFileType = file.xib; path = WelcomeViewController.xib; sourceTree = "<group>"; };
		D5EF5A48285235A50079F91B /* UIButton+setStyle.swift */ = {isa = PBXFileReference; lastKnownFileType = sourcecode.swift; path = "UIButton+setStyle.swift"; sourceTree = "<group>"; };
		D5EF5A4A285235AF0079F91B /* ButtonStyle.swift */ = {isa = PBXFileReference; lastKnownFileType = sourcecode.swift; path = ButtonStyle.swift; sourceTree = "<group>"; };
		D5EF5A4E285238A70079F91B /* UIView+Animations.swift */ = {isa = PBXFileReference; lastKnownFileType = sourcecode.swift; path = "UIView+Animations.swift"; sourceTree = "<group>"; };
		D5EF5A50285239A70079F91B /* AuthViewController.swift */ = {isa = PBXFileReference; lastKnownFileType = sourcecode.swift; path = AuthViewController.swift; sourceTree = "<group>"; };
		D5EF5A51285239A70079F91B /* AuthViewController.xib */ = {isa = PBXFileReference; lastKnownFileType = file.xib; path = AuthViewController.xib; sourceTree = "<group>"; };
		D5EF5A54285335810079F91B /* AuthManager.swift */ = {isa = PBXFileReference; lastKnownFileType = sourcecode.swift; path = AuthManager.swift; sourceTree = "<group>"; };
		D5EF5A56285335FB0079F91B /* PKCEFlowProvider.swift */ = {isa = PBXFileReference; lastKnownFileType = sourcecode.swift; path = PKCEFlowProvider.swift; sourceTree = "<group>"; };
		D5EF5A58285336110079F91B /* SpotifyEndpoint.swift */ = {isa = PBXFileReference; lastKnownFileType = sourcecode.swift; path = SpotifyEndpoint.swift; sourceTree = "<group>"; };
		D5EF5A5A28533DEC0079F91B /* HTTPMethod.swift */ = {isa = PBXFileReference; lastKnownFileType = sourcecode.swift; path = HTTPMethod.swift; sourceTree = "<group>"; };
		D5EF5A5C28533DFF0079F91B /* AppError.swift */ = {isa = PBXFileReference; lastKnownFileType = sourcecode.swift; path = AppError.swift; sourceTree = "<group>"; };
		D5EF5A5E28533E300079F91B /* AuthResponse.swift */ = {isa = PBXFileReference; lastKnownFileType = sourcecode.swift; path = AuthResponse.swift; sourceTree = "<group>"; };
		D5EF5A6028535B5B0079F91B /* Data+parseJSON.swift */ = {isa = PBXFileReference; lastKnownFileType = sourcecode.swift; path = "Data+parseJSON.swift"; sourceTree = "<group>"; };
		D5EF5A6328535B910079F91B /* Network.swift */ = {isa = PBXFileReference; lastKnownFileType = sourcecode.swift; path = Network.swift; sourceTree = "<group>"; };
		D5EF5A6528535C450079F91B /* SpotifyAuthProvider.swift */ = {isa = PBXFileReference; lastKnownFileType = sourcecode.swift; path = SpotifyAuthProvider.swift; sourceTree = "<group>"; };
		D5EF5A6A28536AB50079F91B /* OAuth2Supporting.swift */ = {isa = PBXFileReference; lastKnownFileType = sourcecode.swift; path = OAuth2Supporting.swift; sourceTree = "<group>"; };
		D5EF5A6C285379DE0079F91B /* KeychainManager.swift */ = {isa = PBXFileReference; lastKnownFileType = sourcecode.swift; path = KeychainManager.swift; sourceTree = "<group>"; };
		D5FC63C42865AB8B00718E3C /* DetailListViewModelProtocol.swift */ = {isa = PBXFileReference; lastKnownFileType = sourcecode.swift; path = DetailListViewModelProtocol.swift; sourceTree = "<group>"; };
		D5FC63C62865ABCC00718E3C /* ShowDetailViewModel.swift */ = {isa = PBXFileReference; lastKnownFileType = sourcecode.swift; path = ShowDetailViewModel.swift; sourceTree = "<group>"; };
		D5FC63CA2865B4D100718E3C /* DetailItemViewController.swift */ = {isa = PBXFileReference; lastKnownFileType = sourcecode.swift; path = DetailItemViewController.swift; sourceTree = "<group>"; };
		D5FC63CC2865B5DE00718E3C /* DetailItemViewModelProtocol.swift */ = {isa = PBXFileReference; lastKnownFileType = sourcecode.swift; path = DetailItemViewModelProtocol.swift; sourceTree = "<group>"; };
		D5FC63CE2865B73D00718E3C /* AudioTrackDetailViewModel.swift */ = {isa = PBXFileReference; lastKnownFileType = sourcecode.swift; path = AudioTrackDetailViewModel.swift; sourceTree = "<group>"; };
		D5FC63D02865B74B00718E3C /* EpisodeDetailViewModel.swift */ = {isa = PBXFileReference; lastKnownFileType = sourcecode.swift; path = EpisodeDetailViewModel.swift; sourceTree = "<group>"; };
		D5FC63D22865B75600718E3C /* ArtistDetailViewModel.swift */ = {isa = PBXFileReference; lastKnownFileType = sourcecode.swift; path = ArtistDetailViewModel.swift; sourceTree = "<group>"; };
		D5FC63D42865E2F600718E3C /* Constant.swift */ = {isa = PBXFileReference; lastKnownFileType = sourcecode.swift; path = Constant.swift; sourceTree = "<group>"; };
		D5FC63D62865E4FF00718E3C /* UIImage+AppImages.swift */ = {isa = PBXFileReference; lastKnownFileType = sourcecode.swift; path = "UIImage+AppImages.swift"; sourceTree = "<group>"; };
		D5FC63D82865E77B00718E3C /* UINavigatioController+factory.swift */ = {isa = PBXFileReference; lastKnownFileType = sourcecode.swift; path = "UINavigatioController+factory.swift"; sourceTree = "<group>"; };
		D5FC63DA2866076500718E3C /* UICollectionView+setStyle.swift */ = {isa = PBXFileReference; lastKnownFileType = sourcecode.swift; path = "UICollectionView+setStyle.swift"; sourceTree = "<group>"; };
		D5FC63DC2866077300718E3C /* CollectionViewStyle.swift */ = {isa = PBXFileReference; lastKnownFileType = sourcecode.swift; path = CollectionViewStyle.swift; sourceTree = "<group>"; };
		D5FC63DE286607E300718E3C /* UICollectionViewCompositionalLayout+configured.swift */ = {isa = PBXFileReference; lastKnownFileType = sourcecode.swift; path = "UICollectionViewCompositionalLayout+configured.swift"; sourceTree = "<group>"; };
		D5FC63E02869AC7A00718E3C /* UITableView+register.swift */ = {isa = PBXFileReference; lastKnownFileType = sourcecode.swift; path = "UITableView+register.swift"; sourceTree = "<group>"; };
		D5FC63E22869AD9E00718E3C /* String+createHTMLAttributedString.swift */ = {isa = PBXFileReference; lastKnownFileType = sourcecode.swift; path = "String+createHTMLAttributedString.swift"; sourceTree = "<group>"; };
		D5FC63E72869C90800718E3C /* UITableViewCell+reuseIdentifier.swift */ = {isa = PBXFileReference; lastKnownFileType = sourcecode.swift; path = "UITableViewCell+reuseIdentifier.swift"; sourceTree = "<group>"; };
		D5FC63E92869C92900718E3C /* UICollectionViewCell+reuseIdentifier.swift */ = {isa = PBXFileReference; lastKnownFileType = sourcecode.swift; path = "UICollectionViewCell+reuseIdentifier.swift"; sourceTree = "<group>"; };
		D5FC63EB2869C96300718E3C /* UICollectionReusableView+reuseIdentifier.swift */ = {isa = PBXFileReference; lastKnownFileType = sourcecode.swift; path = "UICollectionReusableView+reuseIdentifier.swift"; sourceTree = "<group>"; };
		D5FC63ED2869DA5B00718E3C /* Sequence+uniqued.swift */ = {isa = PBXFileReference; lastKnownFileType = sourcecode.swift; path = "Sequence+uniqued.swift"; sourceTree = "<group>"; };
/* End PBXFileReference section */

/* Begin PBXFrameworksBuildPhase section */
		D5EF59FE285223950079F91B /* Frameworks */ = {
			isa = PBXFrameworksBuildPhase;
			buildActionMask = 2147483647;
			files = (
				B83B80D8E83D80822EEE25D2 /* Pods_spotty.framework in Frameworks */,
			);
			runOnlyForDeploymentPostprocessing = 0;
		};
/* End PBXFrameworksBuildPhase section */

/* Begin PBXGroup section */
		24C77FC0CB957B6B9F191053 /* Frameworks */ = {
			isa = PBXGroup;
			children = (
				6AEEA5F8DC257E8632CE4806 /* Pods_spotty.framework */,
			);
			name = Frameworks;
			sourceTree = "<group>";
		};
		C6545238720E86C6D09B27EE /* Pods */ = {
			isa = PBXGroup;
			children = (
				C077F220CFA67725098DD5FD /* Pods-spotty.debug.xcconfig */,
				733A4BC3C42E55175156C59F /* Pods-spotty.release.xcconfig */,
			);
			path = Pods;
			sourceTree = "<group>";
		};
		D51D783A2858C38E00EED4F9 /* Response */ = {
			isa = PBXGroup;
			children = (
				D51D78362858BB1400EED4F9 /* ImageResponse.swift */,
				D5EF5A5E28533E300079F91B /* AuthResponse.swift */,
				D51D78382858C38500EED4F9 /* ItemsResponse.swift */,
				D5136E9E2859FC6300765AC1 /* FeaturedPlaylistsResponse.swift */,
				D5136E9A2859F6E100765AC1 /* EpisodeWrapper.swift */,
				D5136E9C2859F8F700765AC1 /* ShowWrapper.swift */,
				D5136E982859E4D600765AC1 /* AudioTrackWrapper.swift */,
				D5136EA0285A017300765AC1 /* AudioTracksWrapper.swift */,
				D51D78482858C89900EED4F9 /* AlbumImagesWrapper.swift */,
				D5136EA6285A194F00765AC1 /* PlaylistChangedResponse.swift */,
			);
			path = Response;
			sourceTree = "<group>";
		};
		D51D78472858C6D500EED4F9 /* Request */ = {
			isa = PBXGroup;
			children = (
				D5136EA4285A176100765AC1 /* RemoveTrackRequest.swift */,
				D51D782A2858A1B700EED4F9 /* RemoveAudioTrackFromPlaylistRequest.swift */,
				D5136EA2285A0FB300765AC1 /* CreatePlaylistRequest.swift */,
			);
			path = Request;
			sourceTree = "<group>";
		};
		D54CD56928606BAC001DFEBC /* Views */ = {
			isa = PBXGroup;
			children = (
				D54CD582286088D6001DFEBC /* Cells */,
				D54CD5722860814E001DFEBC /* Seperator.swift */,
				D5D40BA7285CBBDB00480B04 /* SectionHeader.swift */,
			);
			path = Views;
			sourceTree = "<group>";
		};
		D54CD57428608405001DFEBC /* Constraints */ = {
			isa = PBXGroup;
			children = (
				D54CD57528608417001DFEBC /* LayoutAnchor.swift */,
				D54CD57728608491001DFEBC /* UIView+Constraints.swift */,
				D54CD579286084BB001DFEBC /* NSLayoutConstraint+convenienceInit.swift */,
			);
			path = Constraints;
			sourceTree = "<group>";
		};
		D54CD57B286087F8001DFEBC /* UIComponents */ = {
			isa = PBXGroup;
			children = (
				D5EF5A6928536A190079F91B /* Styling */,
				D5EF5A6228535B720079F91B /* Animation */,
				D54CD56928606BAC001DFEBC /* Views */,
				D54CD57428608405001DFEBC /* Constraints */,
				D54CD58728608EE5001DFEBC /* Layout */,
			);
			path = UIComponents;
			sourceTree = "<group>";
		};
		D54CD580286088A2001DFEBC /* Enums */ = {
			isa = PBXGroup;
			children = (
				D5EF5A4A285235AF0079F91B /* ButtonStyle.swift */,
				D54CD56C28607059001DFEBC /* LabelStyle.swift */,
				D54CD56A2860704F001DFEBC /* ImageStyle.swift */,
				D5FC63DC2866077300718E3C /* CollectionViewStyle.swift */,
			);
			path = Enums;
			sourceTree = "<group>";
		};
		D54CD581286088AC001DFEBC /* Extensions */ = {
			isa = PBXGroup;
			children = (
				D5EF5A48285235A50079F91B /* UIButton+setStyle.swift */,
				D54CD56E286072C1001DFEBC /* UILabel+setStyle.swift */,
				D54CD57028607D94001DFEBC /* UIImageView+setStyle.swift */,
				D5FC63DA2866076500718E3C /* UICollectionView+setStyle.swift */,
			);
			path = Extensions;
			sourceTree = "<group>";
		};
		D54CD582286088D6001DFEBC /* Cells */ = {
			isa = PBXGroup;
			children = (
				D54CD58A2860BA0F001DFEBC /* SelfConfiguringCell.swift */,
				D574D9FE285B2810007F808E /* CollectionMediumCell.swift */,
				D5D40BA5285CA8EA00480B04 /* CollectionLargeCell.swift */,
				D5496DF7286340CC004A30A3 /* TableMediumCell.swift */,
				D53E293C2861D2A9003E1BEB /* TableLargeCell.swift */,
			);
			path = Cells;
			sourceTree = "<group>";
		};
		D54CD58728608EE5001DFEBC /* Layout */ = {
			isa = PBXGroup;
			children = (
				D54CD58328608E87001DFEBC /* NSCollectionLayoutSection+customSections.swift */,
				D54CD58528608EB1001DFEBC /* NSCollectionLayoutBoundarySupplementaryItem+createSectionHeader.swift */,
			);
			path = Layout;
			sourceTree = "<group>";
		};
		D5EF59F8285223950079F91B = {
			isa = PBXGroup;
			children = (
				D5EF5A03285223950079F91B /* spotty */,
				D5EF5A02285223950079F91B /* Products */,
				C6545238720E86C6D09B27EE /* Pods */,
				24C77FC0CB957B6B9F191053 /* Frameworks */,
			);
			sourceTree = "<group>";
		};
		D5EF5A02285223950079F91B /* Products */ = {
			isa = PBXGroup;
			children = (
				D5EF5A01285223950079F91B /* spotty.app */,
			);
			name = Products;
			sourceTree = "<group>";
		};
		D5EF5A03285223950079F91B /* spotty */ = {
			isa = PBXGroup;
			children = (
				D5EF5A18285224230079F91B /* Application */,
				D54CD57B286087F8001DFEBC /* UIComponents */,
				D5EF5A1A285224940079F91B /* Scenes */,
				D5EF5A1D285226570079F91B /* Data */,
				D5EF5A1C2852258D0079F91B /* Utils */,
				D5EF5A1B285224A50079F91B /* Resources */,
			);
			path = spotty;
			sourceTree = "<group>";
		};
		D5EF5A18285224230079F91B /* Application */ = {
			isa = PBXGroup;
			children = (
				D5EF5A04285223950079F91B /* AppDelegate.swift */,
				D5EF5A06285223960079F91B /* SceneDelegate.swift */,
			);
			path = Application;
			sourceTree = "<group>";
		};
		D5EF5A1A285224940079F91B /* Scenes */ = {
			isa = PBXGroup;
			children = (
				D5EF5A282852289A0079F91B /* Login */,
				D5EF5A272852287C0079F91B /* Core */,
				D5EF5A29285228AC0079F91B /* Other */,
				D5EF5A262852281F0079F91B /* Detail */,
			);
			path = Scenes;
			sourceTree = "<group>";
		};
		D5EF5A1B285224A50079F91B /* Resources */ = {
			isa = PBXGroup;
			children = (
				D5EF5A0D285223980079F91B /* Assets.xcassets */,
				D5EF5A0F285223980079F91B /* LaunchScreen.storyboard */,
				D5EF5A12285223980079F91B /* Info.plist */,
			);
			path = Resources;
			sourceTree = "<group>";
		};
		D5EF5A1C2852258D0079F91B /* Utils */ = {
			isa = PBXGroup;
			children = (
				D5EF5A47285235950079F91B /* Extensions */,
				D5EF5A462852358F0079F91B /* Enums */,
				D5EF5A6C285379DE0079F91B /* KeychainManager.swift */,
				D55AA3FB285B622600F95F73 /* Observable.swift */,
				D5FC63D42865E2F600718E3C /* Constant.swift */,
			);
			path = Utils;
			sourceTree = "<group>";
		};
		D5EF5A1D285226570079F91B /* Data */ = {
			isa = PBXGroup;
			children = (
				D5EF5A2A285229390079F91B /* Models */,
				D5EF5A2B285229410079F91B /* Repository */,
				D5EF5A2C285229830079F91B /* Network */,
			);
			path = Data;
			sourceTree = "<group>";
		};
		D5EF5A1F2852269A0079F91B /* WelcomeScene */ = {
			isa = PBXGroup;
			children = (
				D5EF5A39285230350079F91B /* WelcomeViewController.swift */,
				D5EF5A3A285230350079F91B /* WelcomeViewController.xib */,
			);
			path = WelcomeScene;
			sourceTree = "<group>";
		};
		D5EF5A20285226AD0079F91B /* AuthScene */ = {
			isa = PBXGroup;
			children = (
				D5EF5A50285239A70079F91B /* AuthViewController.swift */,
				D5EF5A51285239A70079F91B /* AuthViewController.xib */,
			);
			path = AuthScene;
			sourceTree = "<group>";
		};
		D5EF5A21285226BE0079F91B /* MusicScene */ = {
			isa = PBXGroup;
			children = (
				D5EF5A2D28522BCC0079F91B /* MusicViewController.swift */,
				D55AA401285B79C100F95F73 /* MusicViewModel.swift */,
			);
			path = MusicScene;
			sourceTree = "<group>";
		};
		D5EF5A22285226CC0079F91B /* ShowsScene */ = {
			isa = PBXGroup;
			children = (
				D5EF5A2F28522BDA0079F91B /* ShowsViewController.swift */,
				D53E293628619EA9003E1BEB /* ShowsViewModel.swift */,
			);
			path = ShowsScene;
			sourceTree = "<group>";
		};
		D5EF5A23285226DA0079F91B /* PlaylistScene */ = {
			isa = PBXGroup;
			children = (
				D5EF5A3128522BE40079F91B /* PlaylistViewController.swift */,
				D53E29382861CFF9003E1BEB /* PlaylistViewModel.swift */,
			);
			path = PlaylistScene;
			sourceTree = "<group>";
		};
		D5EF5A24285227D20079F91B /* ProfileScene */ = {
			isa = PBXGroup;
			children = (
			);
			path = ProfileScene;
			sourceTree = "<group>";
		};
		D5EF5A25285227E80079F91B /* SearchScene */ = {
			isa = PBXGroup;
			children = (
			);
			path = SearchScene;
			sourceTree = "<group>";
		};
		D5EF5A262852281F0079F91B /* Detail */ = {
			isa = PBXGroup;
			children = (
				D5FC63C92865B4A000718E3C /* DetailItem */,
				D5FC63C82865B48500718E3C /* DetailList */,
			);
			path = Detail;
			sourceTree = "<group>";
		};
		D5EF5A272852287C0079F91B /* Core */ = {
			isa = PBXGroup;
			children = (
				D5EF5A08285223960079F91B /* TabBarViewController.swift */,
				D5EF5A21285226BE0079F91B /* MusicScene */,
				D5EF5A22285226CC0079F91B /* ShowsScene */,
				D5EF5A23285226DA0079F91B /* PlaylistScene */,
			);
			path = Core;
			sourceTree = "<group>";
		};
		D5EF5A282852289A0079F91B /* Login */ = {
			isa = PBXGroup;
			children = (
				D5EF5A1F2852269A0079F91B /* WelcomeScene */,
				D5EF5A20285226AD0079F91B /* AuthScene */,
			);
			path = Login;
			sourceTree = "<group>";
		};
		D5EF5A29285228AC0079F91B /* Other */ = {
			isa = PBXGroup;
			children = (
				D5EF5A24285227D20079F91B /* ProfileScene */,
				D5EF5A25285227E80079F91B /* SearchScene */,
			);
			path = Other;
			sourceTree = "<group>";
		};
		D5EF5A2A285229390079F91B /* Models */ = {
			isa = PBXGroup;
			children = (
				D51D783A2858C38E00EED4F9 /* Response */,
				D51D78472858C6D500EED4F9 /* Request */,
				D54CD58C2860BA4A001DFEBC /* BusinessModel.swift */,
				D5C92D0A2857303300EFA9FB /* UserProfile.swift */,
				D51D78452858C4DA00EED4F9 /* Artist.swift */,
				D51D783B2858C46500EED4F9 /* AudioTrack.swift */,
				D51D783D2858C48E00EED4F9 /* Album.swift */,
				D51D783F2858C4AD00EED4F9 /* Playlist.swift */,
				D51D78412858C4BB00EED4F9 /* Episode.swift */,
				D51D78432858C4CD00EED4F9 /* Show.swift */,
			);
			path = Models;
			sourceTree = "<group>";
		};
		D5EF5A2B285229410079F91B /* Repository */ = {
			isa = PBXGroup;
			children = (
				D5C92D082857300700EFA9FB /* WebRepository.swift */,
			);
			path = Repository;
			sourceTree = "<group>";
		};
		D5EF5A2C285229830079F91B /* Network */ = {
			isa = PBXGroup;
			children = (
				D5EF5A67285362670079F91B /* Auth */,
				D5EF5A68285362AD0079F91B /* SpotifyAPI */,
				D5EF5A6328535B910079F91B /* Network.swift */,
			);
			path = Network;
			sourceTree = "<group>";
		};
		D5EF5A462852358F0079F91B /* Enums */ = {
			isa = PBXGroup;
			children = (
				D5EF5A5C28533DFF0079F91B /* AppError.swift */,
				D5EF5A5A28533DEC0079F91B /* HTTPMethod.swift */,
			);
			path = Enums;
			sourceTree = "<group>";
		};
		D5EF5A47285235950079F91B /* Extensions */ = {
			isa = PBXGroup;
			children = (
				D5EF5A6028535B5B0079F91B /* Data+parseJSON.swift */,
				D55AA3FD285B65D900F95F73 /* UIImageView+loadFromURL.swift */,
				D5496DF128631DEF004A30A3 /* UIColor+appColors.swift */,
				D5FC63D62865E4FF00718E3C /* UIImage+AppImages.swift */,
				D5FC63D82865E77B00718E3C /* UINavigatioController+factory.swift */,
				D5FC63DE286607E300718E3C /* UICollectionViewCompositionalLayout+configured.swift */,
				D5FC63E22869AD9E00718E3C /* String+createHTMLAttributedString.swift */,
				D5FC63E62869C8B200718E3C /* CellConveniences */,
				D5FC63ED2869DA5B00718E3C /* Sequence+uniqued.swift */,
			);
			path = Extensions;
			sourceTree = "<group>";
		};
		D5EF5A6228535B720079F91B /* Animation */ = {
			isa = PBXGroup;
			children = (
				D5EF5A4E285238A70079F91B /* UIView+Animations.swift */,
			);
			path = Animation;
			sourceTree = "<group>";
		};
		D5EF5A67285362670079F91B /* Auth */ = {
			isa = PBXGroup;
			children = (
				D5EF5A54285335810079F91B /* AuthManager.swift */,
				D5EF5A56285335FB0079F91B /* PKCEFlowProvider.swift */,
				D5EF5A6A28536AB50079F91B /* OAuth2Supporting.swift */,
			);
			path = Auth;
			sourceTree = "<group>";
		};
		D5EF5A68285362AD0079F91B /* SpotifyAPI */ = {
			isa = PBXGroup;
			children = (
				D5EF5A6528535C450079F91B /* SpotifyAuthProvider.swift */,
				D5EF5A58285336110079F91B /* SpotifyEndpoint.swift */,
			);
			path = SpotifyAPI;
			sourceTree = "<group>";
		};
		D5EF5A6928536A190079F91B /* Styling */ = {
			isa = PBXGroup;
			children = (
				D54CD581286088AC001DFEBC /* Extensions */,
				D54CD580286088A2001DFEBC /* Enums */,
			);
			path = Styling;
			sourceTree = "<group>";
		};
		D5FC63C82865B48500718E3C /* DetailList */ = {
			isa = PBXGroup;
			children = (
				D5496DF328632D21004A30A3 /* DetailListViewController.swift */,
				D5FC63E52869C12B00718E3C /* ViewModels */,
			);
			path = DetailList;
			sourceTree = "<group>";
		};
		D5FC63C92865B4A000718E3C /* DetailItem */ = {
			isa = PBXGroup;
			children = (
				D5FC63CA2865B4D100718E3C /* DetailItemViewController.swift */,
				D5FC63E42869C11F00718E3C /* ViewModels */,
			);
			path = DetailItem;
			sourceTree = "<group>";
		};
		D5FC63E42869C11F00718E3C /* ViewModels */ = {
			isa = PBXGroup;
			children = (
				D5FC63CC2865B5DE00718E3C /* DetailItemViewModelProtocol.swift */,
				D5FC63CE2865B73D00718E3C /* AudioTrackDetailViewModel.swift */,
				D5FC63D02865B74B00718E3C /* EpisodeDetailViewModel.swift */,
			);
			path = ViewModels;
			sourceTree = "<group>";
		};
		D5FC63E52869C12B00718E3C /* ViewModels */ = {
			isa = PBXGroup;
			children = (
				D5FC63C42865AB8B00718E3C /* DetailListViewModelProtocol.swift */,
				D5496DF528632D2F004A30A3 /* PlaylistDetailViewModel.swift */,
				D5FC63C62865ABCC00718E3C /* ShowDetailViewModel.swift */,
				D5FC63D22865B75600718E3C /* ArtistDetailViewModel.swift */,
			);
			path = ViewModels;
			sourceTree = "<group>";
		};
		D5FC63E62869C8B200718E3C /* CellConveniences */ = {
			isa = PBXGroup;
			children = (
				D54CD5882860B9DE001DFEBC /* UICollectionView+register.swift */,
				D5FC63E02869AC7A00718E3C /* UITableView+register.swift */,
				D5FC63E72869C90800718E3C /* UITableViewCell+reuseIdentifier.swift */,
				D5FC63E92869C92900718E3C /* UICollectionViewCell+reuseIdentifier.swift */,
				D5FC63EB2869C96300718E3C /* UICollectionReusableView+reuseIdentifier.swift */,
			);
			path = CellConveniences;
			sourceTree = "<group>";
		};
/* End PBXGroup section */

/* Begin PBXNativeTarget section */
		D5EF5A00285223950079F91B /* spotty */ = {
			isa = PBXNativeTarget;
			buildConfigurationList = D5EF5A15285223980079F91B /* Build configuration list for PBXNativeTarget "spotty" */;
			buildPhases = (
				08CBFB78CBAB9EFBEA6E430F /* [CP] Check Pods Manifest.lock */,
				D5EF59FD285223950079F91B /* Sources */,
				D5EF59FE285223950079F91B /* Frameworks */,
				D5EF59FF285223950079F91B /* Resources */,
				E12FCF105DC3134ED58F24C6 /* [CP] Embed Pods Frameworks */,
			);
			buildRules = (
			);
			dependencies = (
			);
			name = spotty;
			productName = spotty;
			productReference = D5EF5A01285223950079F91B /* spotty.app */;
			productType = "com.apple.product-type.application";
		};
/* End PBXNativeTarget section */

/* Begin PBXProject section */
		D5EF59F9285223950079F91B /* Project object */ = {
			isa = PBXProject;
			attributes = {
				BuildIndependentTargetsInParallel = 1;
				LastSwiftUpdateCheck = 1330;
				LastUpgradeCheck = 1330;
				TargetAttributes = {
					D5EF5A00285223950079F91B = {
						CreatedOnToolsVersion = 13.3;
					};
				};
			};
			buildConfigurationList = D5EF59FC285223950079F91B /* Build configuration list for PBXProject "spotty" */;
			compatibilityVersion = "Xcode 13.0";
			developmentRegion = en;
			hasScannedForEncodings = 0;
			knownRegions = (
				en,
				Base,
			);
			mainGroup = D5EF59F8285223950079F91B;
			productRefGroup = D5EF5A02285223950079F91B /* Products */;
			projectDirPath = "";
			projectRoot = "";
			targets = (
				D5EF5A00285223950079F91B /* spotty */,
			);
		};
/* End PBXProject section */

/* Begin PBXResourcesBuildPhase section */
		D5EF59FF285223950079F91B /* Resources */ = {
			isa = PBXResourcesBuildPhase;
			buildActionMask = 2147483647;
			files = (
				D5EF5A53285239A70079F91B /* AuthViewController.xib in Resources */,
				D5EF5A11285223980079F91B /* LaunchScreen.storyboard in Resources */,
				D5EF5A0E285223980079F91B /* Assets.xcassets in Resources */,
				D5EF5A3C285230350079F91B /* WelcomeViewController.xib in Resources */,
			);
			runOnlyForDeploymentPostprocessing = 0;
		};
/* End PBXResourcesBuildPhase section */

/* Begin PBXShellScriptBuildPhase section */
		08CBFB78CBAB9EFBEA6E430F /* [CP] Check Pods Manifest.lock */ = {
			isa = PBXShellScriptBuildPhase;
			buildActionMask = 2147483647;
			files = (
			);
			inputFileListPaths = (
			);
			inputPaths = (
				"${PODS_PODFILE_DIR_PATH}/Podfile.lock",
				"${PODS_ROOT}/Manifest.lock",
			);
			name = "[CP] Check Pods Manifest.lock";
			outputFileListPaths = (
			);
			outputPaths = (
				"$(DERIVED_FILE_DIR)/Pods-spotty-checkManifestLockResult.txt",
			);
			runOnlyForDeploymentPostprocessing = 0;
			shellPath = /bin/sh;
			shellScript = "diff \"${PODS_PODFILE_DIR_PATH}/Podfile.lock\" \"${PODS_ROOT}/Manifest.lock\" > /dev/null\nif [ $? != 0 ] ; then\n    # print error to STDERR\n    echo \"error: The sandbox is not in sync with the Podfile.lock. Run 'pod install' or update your CocoaPods installation.\" >&2\n    exit 1\nfi\n# This output is used by Xcode 'outputs' to avoid re-running this script phase.\necho \"SUCCESS\" > \"${SCRIPT_OUTPUT_FILE_0}\"\n";
			showEnvVarsInLog = 0;
		};
		E12FCF105DC3134ED58F24C6 /* [CP] Embed Pods Frameworks */ = {
			isa = PBXShellScriptBuildPhase;
			buildActionMask = 2147483647;
			files = (
			);
			inputFileListPaths = (
				"${PODS_ROOT}/Target Support Files/Pods-spotty/Pods-spotty-frameworks-${CONFIGURATION}-input-files.xcfilelist",
			);
			name = "[CP] Embed Pods Frameworks";
			outputFileListPaths = (
				"${PODS_ROOT}/Target Support Files/Pods-spotty/Pods-spotty-frameworks-${CONFIGURATION}-output-files.xcfilelist",
			);
			runOnlyForDeploymentPostprocessing = 0;
			shellPath = /bin/sh;
			shellScript = "\"${PODS_ROOT}/Target Support Files/Pods-spotty/Pods-spotty-frameworks.sh\"\n";
			showEnvVarsInLog = 0;
		};
/* End PBXShellScriptBuildPhase section */

/* Begin PBXSourcesBuildPhase section */
		D5EF59FD285223950079F91B /* Sources */ = {
			isa = PBXSourcesBuildPhase;
			buildActionMask = 2147483647;
			files = (
				D5FC63CF2865B73D00718E3C /* AudioTrackDetailViewModel.swift in Sources */,
				D5EF5A6428535B910079F91B /* Network.swift in Sources */,
				D5C92D092857300700EFA9FB /* WebRepository.swift in Sources */,
				D5EF5A59285336110079F91B /* SpotifyEndpoint.swift in Sources */,
				D54CD58428608E87001DFEBC /* NSCollectionLayoutSection+customSections.swift in Sources */,
				D5EF5A52285239A70079F91B /* AuthViewController.swift in Sources */,
				D5FC63C52865AB8B00718E3C /* DetailListViewModelProtocol.swift in Sources */,
				D54CD5892860B9DE001DFEBC /* UICollectionView+register.swift in Sources */,
				D5496DF628632D2F004A30A3 /* PlaylistDetailViewModel.swift in Sources */,
				D54CD57628608417001DFEBC /* LayoutAnchor.swift in Sources */,
				D5EF5A55285335810079F91B /* AuthManager.swift in Sources */,
				D5FC63D12865B74B00718E3C /* EpisodeDetailViewModel.swift in Sources */,
				D5136E9B2859F6E100765AC1 /* EpisodeWrapper.swift in Sources */,
				D5EF5A2E28522BCC0079F91B /* MusicViewController.swift in Sources */,
				D54CD58B2860BA0F001DFEBC /* SelfConfiguringCell.swift in Sources */,
				D5EF5A3028522BDA0079F91B /* ShowsViewController.swift in Sources */,
				D54CD58628608EB1001DFEBC /* NSCollectionLayoutBoundarySupplementaryItem+createSectionHeader.swift in Sources */,
				D5FC63D52865E2F600718E3C /* Constant.swift in Sources */,
				D5EF5A3228522BE40079F91B /* PlaylistViewController.swift in Sources */,
				D5136EA7285A194F00765AC1 /* PlaylistChangedResponse.swift in Sources */,
				D5EF5A4B285235AF0079F91B /* ButtonStyle.swift in Sources */,
				D5FC63D72865E4FF00718E3C /* UIImage+AppImages.swift in Sources */,
				D54CD56F286072C1001DFEBC /* UILabel+setStyle.swift in Sources */,
				D51D78392858C38500EED4F9 /* ItemsResponse.swift in Sources */,
				D5FC63EA2869C92900718E3C /* UICollectionViewCell+reuseIdentifier.swift in Sources */,
				D5136EA5285A176100765AC1 /* RemoveTrackRequest.swift in Sources */,
				D5136E9F2859FC6300765AC1 /* FeaturedPlaylistsResponse.swift in Sources */,
				D5FC63DB2866076500718E3C /* UICollectionView+setStyle.swift in Sources */,
				D51D783E2858C48E00EED4F9 /* Album.swift in Sources */,
				D5FC63DD2866077300718E3C /* CollectionViewStyle.swift in Sources */,
				D53E293728619EA9003E1BEB /* ShowsViewModel.swift in Sources */,
				D51D78492858C89900EED4F9 /* AlbumImagesWrapper.swift in Sources */,
				D5EF5A6128535B5B0079F91B /* Data+parseJSON.swift in Sources */,
				D5496DF228631DEF004A30A3 /* UIColor+appColors.swift in Sources */,
				D5D40BA8285CBBDB00480B04 /* SectionHeader.swift in Sources */,
				D5136EA1285A017300765AC1 /* AudioTracksWrapper.swift in Sources */,
				D5496DF428632D21004A30A3 /* DetailListViewController.swift in Sources */,
				D54CD58D2860BA4A001DFEBC /* BusinessModel.swift in Sources */,
				D54CD56D28607059001DFEBC /* LabelStyle.swift in Sources */,
				D5FC63C72865ABCC00718E3C /* ShowDetailViewModel.swift in Sources */,
				D5FC63E32869AD9E00718E3C /* String+createHTMLAttributedString.swift in Sources */,
				D51D78462858C4DA00EED4F9 /* Artist.swift in Sources */,
				D55AA402285B79C100F95F73 /* MusicViewModel.swift in Sources */,
				D54CD56B2860704F001DFEBC /* ImageStyle.swift in Sources */,
				D5EF5A09285223960079F91B /* TabBarViewController.swift in Sources */,
				D5EF5A5B28533DEC0079F91B /* HTTPMethod.swift in Sources */,
				D51D78422858C4BB00EED4F9 /* Episode.swift in Sources */,
				D5FC63E12869AC7A00718E3C /* UITableView+register.swift in Sources */,
				D5EF5A05285223950079F91B /* AppDelegate.swift in Sources */,
				D5FC63D32865B75600718E3C /* ArtistDetailViewModel.swift in Sources */,
				D51D78442858C4CD00EED4F9 /* Show.swift in Sources */,
				D5FC63CB2865B4D100718E3C /* DetailItemViewController.swift in Sources */,
				D5EF5A57285335FB0079F91B /* PKCEFlowProvider.swift in Sources */,
				D54CD57828608491001DFEBC /* UIView+Constraints.swift in Sources */,
				D5EF5A07285223960079F91B /* SceneDelegate.swift in Sources */,
				D5EF5A49285235A50079F91B /* UIButton+setStyle.swift in Sources */,
				D5EF5A6628535C450079F91B /* SpotifyAuthProvider.swift in Sources */,
				D5FC63DF286607E300718E3C /* UICollectionViewCompositionalLayout+configured.swift in Sources */,
				D5136E992859E4D600765AC1 /* AudioTrackWrapper.swift in Sources */,
				D5EF5A5D28533DFF0079F91B /* AppError.swift in Sources */,
				D54CD57A286084BB001DFEBC /* NSLayoutConstraint+convenienceInit.swift in Sources */,
				D55AA3FC285B622600F95F73 /* Observable.swift in Sources */,
				D53E29392861CFFA003E1BEB /* PlaylistViewModel.swift in Sources */,
				D5EF5A6D285379DE0079F91B /* KeychainManager.swift in Sources */,
				D5136EA3285A0FB300765AC1 /* CreatePlaylistRequest.swift in Sources */,
				D574DA00285B2810007F808E /* CollectionMediumCell.swift in Sources */,
				D51D78372858BB1400EED4F9 /* ImageResponse.swift in Sources */,
				D54CD5732860814E001DFEBC /* Seperator.swift in Sources */,
				D51D782B2858A1B700EED4F9 /* RemoveAudioTrackFromPlaylistRequest.swift in Sources */,
				D54CD57128607D94001DFEBC /* UIImageView+setStyle.swift in Sources */,
				D5FC63E82869C90800718E3C /* UITableViewCell+reuseIdentifier.swift in Sources */,
				D5496DF8286340CC004A30A3 /* TableMediumCell.swift in Sources */,
				D5EF5A3B285230350079F91B /* WelcomeViewController.swift in Sources */,
				D5C92D0B2857303300EFA9FB /* UserProfile.swift in Sources */,
				D51D78402858C4AD00EED4F9 /* Playlist.swift in Sources */,
				D5136E9D2859F8F700765AC1 /* ShowWrapper.swift in Sources */,
				D5D40BA6285CA8EA00480B04 /* CollectionLargeCell.swift in Sources */,
				D5FC63EE2869DA5B00718E3C /* Sequence+uniqued.swift in Sources */,
				D51D783C2858C46500EED4F9 /* AudioTrack.swift in Sources */,
				D5EF5A4F285238A70079F91B /* UIView+Animations.swift in Sources */,
				D5EF5A6B28536AB50079F91B /* OAuth2Supporting.swift in Sources */,
				D5FC63CD2865B5DE00718E3C /* DetailItemViewModelProtocol.swift in Sources */,
				D55AA3FE285B65D900F95F73 /* UIImageView+loadFromURL.swift in Sources */,
				D5EF5A5F28533E300079F91B /* AuthResponse.swift in Sources */,
				D5FC63EC2869C96300718E3C /* UICollectionReusableView+reuseIdentifier.swift in Sources */,
				D53E293D2861D2A9003E1BEB /* TableLargeCell.swift in Sources */,
				D5FC63D92865E77B00718E3C /* UINavigatioController+factory.swift in Sources */,
			);
			runOnlyForDeploymentPostprocessing = 0;
		};
/* End PBXSourcesBuildPhase section */

/* Begin PBXVariantGroup section */
		D5EF5A0F285223980079F91B /* LaunchScreen.storyboard */ = {
			isa = PBXVariantGroup;
			children = (
				D5EF5A10285223980079F91B /* Base */,
			);
			name = LaunchScreen.storyboard;
			sourceTree = "<group>";
		};
/* End PBXVariantGroup section */

/* Begin XCBuildConfiguration section */
		D5EF5A13285223980079F91B /* Debug */ = {
			isa = XCBuildConfiguration;
			buildSettings = {
				ALWAYS_SEARCH_USER_PATHS = NO;
				CLANG_ANALYZER_NONNULL = YES;
				CLANG_ANALYZER_NUMBER_OBJECT_CONVERSION = YES_AGGRESSIVE;
				CLANG_CXX_LANGUAGE_STANDARD = "gnu++17";
				CLANG_ENABLE_MODULES = YES;
				CLANG_ENABLE_OBJC_ARC = YES;
				CLANG_ENABLE_OBJC_WEAK = YES;
				CLANG_WARN_BLOCK_CAPTURE_AUTORELEASING = YES;
				CLANG_WARN_BOOL_CONVERSION = YES;
				CLANG_WARN_COMMA = YES;
				CLANG_WARN_CONSTANT_CONVERSION = YES;
				CLANG_WARN_DEPRECATED_OBJC_IMPLEMENTATIONS = YES;
				CLANG_WARN_DIRECT_OBJC_ISA_USAGE = YES_ERROR;
				CLANG_WARN_DOCUMENTATION_COMMENTS = YES;
				CLANG_WARN_EMPTY_BODY = YES;
				CLANG_WARN_ENUM_CONVERSION = YES;
				CLANG_WARN_INFINITE_RECURSION = YES;
				CLANG_WARN_INT_CONVERSION = YES;
				CLANG_WARN_NON_LITERAL_NULL_CONVERSION = YES;
				CLANG_WARN_OBJC_IMPLICIT_RETAIN_SELF = YES;
				CLANG_WARN_OBJC_LITERAL_CONVERSION = YES;
				CLANG_WARN_OBJC_ROOT_CLASS = YES_ERROR;
				CLANG_WARN_QUOTED_INCLUDE_IN_FRAMEWORK_HEADER = YES;
				CLANG_WARN_RANGE_LOOP_ANALYSIS = YES;
				CLANG_WARN_STRICT_PROTOTYPES = YES;
				CLANG_WARN_SUSPICIOUS_MOVE = YES;
				CLANG_WARN_UNGUARDED_AVAILABILITY = YES_AGGRESSIVE;
				CLANG_WARN_UNREACHABLE_CODE = YES;
				CLANG_WARN__DUPLICATE_METHOD_MATCH = YES;
				COPY_PHASE_STRIP = NO;
				DEBUG_INFORMATION_FORMAT = dwarf;
				ENABLE_STRICT_OBJC_MSGSEND = YES;
				ENABLE_TESTABILITY = YES;
				GCC_C_LANGUAGE_STANDARD = gnu11;
				GCC_DYNAMIC_NO_PIC = NO;
				GCC_NO_COMMON_BLOCKS = YES;
				GCC_OPTIMIZATION_LEVEL = 0;
				GCC_PREPROCESSOR_DEFINITIONS = (
					"DEBUG=1",
					"$(inherited)",
				);
				GCC_WARN_64_TO_32_BIT_CONVERSION = YES;
				GCC_WARN_ABOUT_RETURN_TYPE = YES_ERROR;
				GCC_WARN_UNDECLARED_SELECTOR = YES;
				GCC_WARN_UNINITIALIZED_AUTOS = YES_AGGRESSIVE;
				GCC_WARN_UNUSED_FUNCTION = YES;
				GCC_WARN_UNUSED_VARIABLE = YES;
				IPHONEOS_DEPLOYMENT_TARGET = 15.4;
				MTL_ENABLE_DEBUG_INFO = INCLUDE_SOURCE;
				MTL_FAST_MATH = YES;
				ONLY_ACTIVE_ARCH = YES;
				SDKROOT = iphoneos;
				SWIFT_ACTIVE_COMPILATION_CONDITIONS = DEBUG;
				SWIFT_OPTIMIZATION_LEVEL = "-Onone";
			};
			name = Debug;
		};
		D5EF5A14285223980079F91B /* Release */ = {
			isa = XCBuildConfiguration;
			buildSettings = {
				ALWAYS_SEARCH_USER_PATHS = NO;
				CLANG_ANALYZER_NONNULL = YES;
				CLANG_ANALYZER_NUMBER_OBJECT_CONVERSION = YES_AGGRESSIVE;
				CLANG_CXX_LANGUAGE_STANDARD = "gnu++17";
				CLANG_ENABLE_MODULES = YES;
				CLANG_ENABLE_OBJC_ARC = YES;
				CLANG_ENABLE_OBJC_WEAK = YES;
				CLANG_WARN_BLOCK_CAPTURE_AUTORELEASING = YES;
				CLANG_WARN_BOOL_CONVERSION = YES;
				CLANG_WARN_COMMA = YES;
				CLANG_WARN_CONSTANT_CONVERSION = YES;
				CLANG_WARN_DEPRECATED_OBJC_IMPLEMENTATIONS = YES;
				CLANG_WARN_DIRECT_OBJC_ISA_USAGE = YES_ERROR;
				CLANG_WARN_DOCUMENTATION_COMMENTS = YES;
				CLANG_WARN_EMPTY_BODY = YES;
				CLANG_WARN_ENUM_CONVERSION = YES;
				CLANG_WARN_INFINITE_RECURSION = YES;
				CLANG_WARN_INT_CONVERSION = YES;
				CLANG_WARN_NON_LITERAL_NULL_CONVERSION = YES;
				CLANG_WARN_OBJC_IMPLICIT_RETAIN_SELF = YES;
				CLANG_WARN_OBJC_LITERAL_CONVERSION = YES;
				CLANG_WARN_OBJC_ROOT_CLASS = YES_ERROR;
				CLANG_WARN_QUOTED_INCLUDE_IN_FRAMEWORK_HEADER = YES;
				CLANG_WARN_RANGE_LOOP_ANALYSIS = YES;
				CLANG_WARN_STRICT_PROTOTYPES = YES;
				CLANG_WARN_SUSPICIOUS_MOVE = YES;
				CLANG_WARN_UNGUARDED_AVAILABILITY = YES_AGGRESSIVE;
				CLANG_WARN_UNREACHABLE_CODE = YES;
				CLANG_WARN__DUPLICATE_METHOD_MATCH = YES;
				COPY_PHASE_STRIP = NO;
				DEBUG_INFORMATION_FORMAT = "dwarf-with-dsym";
				ENABLE_NS_ASSERTIONS = NO;
				ENABLE_STRICT_OBJC_MSGSEND = YES;
				GCC_C_LANGUAGE_STANDARD = gnu11;
				GCC_NO_COMMON_BLOCKS = YES;
				GCC_WARN_64_TO_32_BIT_CONVERSION = YES;
				GCC_WARN_ABOUT_RETURN_TYPE = YES_ERROR;
				GCC_WARN_UNDECLARED_SELECTOR = YES;
				GCC_WARN_UNINITIALIZED_AUTOS = YES_AGGRESSIVE;
				GCC_WARN_UNUSED_FUNCTION = YES;
				GCC_WARN_UNUSED_VARIABLE = YES;
				IPHONEOS_DEPLOYMENT_TARGET = 15.4;
				MTL_ENABLE_DEBUG_INFO = NO;
				MTL_FAST_MATH = YES;
				SDKROOT = iphoneos;
				SWIFT_COMPILATION_MODE = wholemodule;
				SWIFT_OPTIMIZATION_LEVEL = "-O";
				VALIDATE_PRODUCT = YES;
			};
			name = Release;
		};
		D5EF5A16285223980079F91B /* Debug */ = {
			isa = XCBuildConfiguration;
			baseConfigurationReference = C077F220CFA67725098DD5FD /* Pods-spotty.debug.xcconfig */;
			buildSettings = {
				ASSETCATALOG_COMPILER_APPICON_NAME = AppIcon;
				ASSETCATALOG_COMPILER_GLOBAL_ACCENT_COLOR_NAME = AccentColor;
				CODE_SIGN_STYLE = Automatic;
				CURRENT_PROJECT_VERSION = 1;
				DEVELOPMENT_TEAM = YL3J84P643;
				GENERATE_INFOPLIST_FILE = YES;
				INFOPLIST_FILE = spotty/Resources/Info.plist;
				INFOPLIST_KEY_UIApplicationSupportsIndirectInputEvents = YES;
				INFOPLIST_KEY_UILaunchStoryboardName = LaunchScreen;
				INFOPLIST_KEY_UISupportedInterfaceOrientations = UIInterfaceOrientationPortrait;
				INFOPLIST_KEY_UISupportedInterfaceOrientations_iPad = "UIInterfaceOrientationPortrait UIInterfaceOrientationPortraitUpsideDown UIInterfaceOrientationLandscapeLeft UIInterfaceOrientationLandscapeRight";
				INFOPLIST_KEY_UISupportedInterfaceOrientations_iPhone = "UIInterfaceOrientationPortrait UIInterfaceOrientationLandscapeLeft UIInterfaceOrientationLandscapeRight";
				LD_RUNPATH_SEARCH_PATHS = (
					"$(inherited)",
					"@executable_path/Frameworks",
				);
				MARKETING_VERSION = 1.0;
				PRODUCT_BUNDLE_IDENTIFIER = com.ivaylo.spotty;
				PRODUCT_NAME = "$(TARGET_NAME)";
				SWIFT_EMIT_LOC_STRINGS = YES;
				SWIFT_VERSION = 5.0;
				TARGETED_DEVICE_FAMILY = "1,2";
			};
			name = Debug;
		};
		D5EF5A17285223980079F91B /* Release */ = {
			isa = XCBuildConfiguration;
			baseConfigurationReference = 733A4BC3C42E55175156C59F /* Pods-spotty.release.xcconfig */;
			buildSettings = {
				ASSETCATALOG_COMPILER_APPICON_NAME = AppIcon;
				ASSETCATALOG_COMPILER_GLOBAL_ACCENT_COLOR_NAME = AccentColor;
				CODE_SIGN_STYLE = Automatic;
				CURRENT_PROJECT_VERSION = 1;
				DEVELOPMENT_TEAM = YL3J84P643;
				GENERATE_INFOPLIST_FILE = YES;
				INFOPLIST_FILE = spotty/Resources/Info.plist;
				INFOPLIST_KEY_UIApplicationSupportsIndirectInputEvents = YES;
				INFOPLIST_KEY_UILaunchStoryboardName = LaunchScreen;
				INFOPLIST_KEY_UISupportedInterfaceOrientations = UIInterfaceOrientationPortrait;
				INFOPLIST_KEY_UISupportedInterfaceOrientations_iPad = "UIInterfaceOrientationPortrait UIInterfaceOrientationPortraitUpsideDown UIInterfaceOrientationLandscapeLeft UIInterfaceOrientationLandscapeRight";
				INFOPLIST_KEY_UISupportedInterfaceOrientations_iPhone = "UIInterfaceOrientationPortrait UIInterfaceOrientationLandscapeLeft UIInterfaceOrientationLandscapeRight";
				LD_RUNPATH_SEARCH_PATHS = (
					"$(inherited)",
					"@executable_path/Frameworks",
				);
				MARKETING_VERSION = 1.0;
				PRODUCT_BUNDLE_IDENTIFIER = com.ivaylo.spotty;
				PRODUCT_NAME = "$(TARGET_NAME)";
				SWIFT_EMIT_LOC_STRINGS = YES;
				SWIFT_VERSION = 5.0;
				TARGETED_DEVICE_FAMILY = "1,2";
			};
			name = Release;
		};
/* End XCBuildConfiguration section */

/* Begin XCConfigurationList section */
		D5EF59FC285223950079F91B /* Build configuration list for PBXProject "spotty" */ = {
			isa = XCConfigurationList;
			buildConfigurations = (
				D5EF5A13285223980079F91B /* Debug */,
				D5EF5A14285223980079F91B /* Release */,
			);
			defaultConfigurationIsVisible = 0;
			defaultConfigurationName = Release;
		};
		D5EF5A15285223980079F91B /* Build configuration list for PBXNativeTarget "spotty" */ = {
			isa = XCConfigurationList;
			buildConfigurations = (
				D5EF5A16285223980079F91B /* Debug */,
				D5EF5A17285223980079F91B /* Release */,
			);
			defaultConfigurationIsVisible = 0;
			defaultConfigurationName = Release;
		};
/* End XCConfigurationList section */
	};
	rootObject = D5EF59F9285223950079F91B /* Project object */;
}
